<?xml version="1.0" encoding="UTF-8"?>
<!DOCTYPE plist PUBLIC "-//Apple//DTD PLIST 1.0//EN" "http://www.apple.com/DTDs/PropertyList-1.0.dtd">
<plist version="1.0">
<dict>
	<key>archiveVersion</key>
	<string>1</string>
	<key>classes</key>
	<dict/>
	<key>objectVersion</key>
	<string>46</string>
	<key>objects</key>
	<dict>
		<key>11438977B2DB4A26B07FE3DD</key>
		<dict>
			<key>explicitFileType</key>
			<string>archive.ar</string>
			<key>includeInIndex</key>
			<string>0</string>
			<key>isa</key>
			<string>PBXFileReference</string>
			<key>name</key>
			<string>libPods.a</string>
			<key>path</key>
			<string>libPods.a</string>
			<key>sourceTree</key>
			<string>BUILT_PRODUCTS_DIR</string>
		</dict>
		<key>3AB1908B166FBF990098227C</key>
		<dict>
			<key>children</key>
			<array>
				<string>3AB190A2166FBF990098227C</string>
				<string>3AB19099166FBF990098227C</string>
				<string>3AB19097166FBF990098227C</string>
				<string>5250BB6505B34302B0001798</string>
			</array>
			<key>isa</key>
			<string>PBXGroup</string>
			<key>sourceTree</key>
			<string>&lt;group&gt;</string>
		</dict>
		<key>3AB1908D166FBF990098227C</key>
		<dict>
			<key>attributes</key>
			<dict>
				<key>CLASSPREFIX</key>
				<string>UCD</string>
				<key>LastUpgradeCheck</key>
				<string>0450</string>
				<key>ORGANIZATIONNAME</key>
				<string>Team 11</string>
			</dict>
			<key>buildConfigurationList</key>
			<string>3AB19090166FBF990098227C</string>
			<key>compatibilityVersion</key>
			<string>Xcode 3.2</string>
			<key>developmentRegion</key>
			<string>English</string>
			<key>hasScannedForEncodings</key>
			<string>0</string>
			<key>isa</key>
			<string>PBXProject</string>
			<key>knownRegions</key>
			<array>
				<string>en</string>
			</array>
			<key>mainGroup</key>
			<string>3AB1908B166FBF990098227C</string>
			<key>productRefGroup</key>
			<string>3AB19097166FBF990098227C</string>
			<key>projectDirPath</key>
			<string></string>
			<key>projectReferences</key>
			<array/>
			<key>projectRoot</key>
			<string></string>
			<key>targets</key>
			<array>
				<string>3AB19095166FBF990098227C</string>
			</array>
		</dict>
		<key>3AB19090166FBF990098227C</key>
		<dict>
			<key>buildConfigurations</key>
			<array>
				<string>3AB190C1166FBF990098227C</string>
				<string>3AB190C2166FBF990098227C</string>
			</array>
			<key>defaultConfigurationIsVisible</key>
			<string>0</string>
			<key>defaultConfigurationName</key>
			<string>Release</string>
			<key>isa</key>
			<string>XCConfigurationList</string>
		</dict>
		<key>3AB19092166FBF990098227C</key>
		<dict>
			<key>buildActionMask</key>
			<string>2147483647</string>
			<key>files</key>
			<array>
				<string>3AB190AA166FBF990098227C</string>
				<string>3AB190B0166FBF990098227C</string>
				<string>3AB190B3166FBF990098227C</string>
				<string>3AB190BD166FBF990098227C</string>
				<string>3AB190C0166FBF990098227C</string>
			</array>
			<key>isa</key>
			<string>PBXSourcesBuildPhase</string>
			<key>runOnlyForDeploymentPostprocessing</key>
			<string>0</string>
		</dict>
		<key>3AB19093166FBF990098227C</key>
		<dict>
			<key>buildActionMask</key>
			<string>2147483647</string>
			<key>files</key>
			<array>
				<string>3AB1909B166FBF990098227C</string>
				<string>3AB1909D166FBF990098227C</string>
				<string>3AB1909F166FBF990098227C</string>
				<string>3AB190A1166FBF990098227C</string>
				<string>BDFCF21E5B8A413CB1D08F43</string>
			</array>
			<key>isa</key>
			<string>PBXFrameworksBuildPhase</string>
			<key>runOnlyForDeploymentPostprocessing</key>
			<string>0</string>
		</dict>
		<key>3AB19094166FBF990098227C</key>
		<dict>
			<key>buildActionMask</key>
			<string>2147483647</string>
			<key>files</key>
			<array>
				<string>3AB190A4166FBF990098227C</string>
				<string>3AB190AE166FBF990098227C</string>
				<string>3AB190B5166FBF990098227C</string>
				<string>3AB190B7166FBF990098227C</string>
				<string>3AB190B9166FBF990098227C</string>
			</array>
			<key>isa</key>
			<string>PBXResourcesBuildPhase</string>
			<key>runOnlyForDeploymentPostprocessing</key>
			<string>0</string>
		</dict>
		<key>3AB19095166FBF990098227C</key>
		<dict>
			<key>buildConfigurationList</key>
			<string>3AB190C3166FBF990098227C</string>
			<key>buildPhases</key>
			<array>
				<string>3AB19092166FBF990098227C</string>
				<string>3AB19093166FBF990098227C</string>
				<string>3AB19094166FBF990098227C</string>
				<string>DA74B3159B3E4F339B3024DF</string>
			</array>
			<key>buildRules</key>
			<array/>
			<key>dependencies</key>
			<array/>
			<key>isa</key>
			<string>PBXNativeTarget</string>
			<key>name</key>
			<string>CUUCD2012</string>
			<key>productName</key>
			<string>CUUCD2012</string>
			<key>productReference</key>
			<string>3AB19096166FBF990098227C</string>
			<key>productType</key>
			<string>com.apple.product-type.application</string>
		</dict>
		<key>3AB19096166FBF990098227C</key>
		<dict>
			<key>explicitFileType</key>
			<string>wrapper.application</string>
			<key>includeInIndex</key>
			<string>0</string>
			<key>isa</key>
			<string>PBXFileReference</string>
			<key>path</key>
			<string>CUUCD2012.app</string>
			<key>sourceTree</key>
			<string>BUILT_PRODUCTS_DIR</string>
		</dict>
		<key>3AB19097166FBF990098227C</key>
		<dict>
			<key>children</key>
			<array>
				<string>3AB19096166FBF990098227C</string>
			</array>
			<key>isa</key>
			<string>PBXGroup</string>
			<key>name</key>
			<string>Products</string>
			<key>sourceTree</key>
			<string>&lt;group&gt;</string>
		</dict>
		<key>3AB19099166FBF990098227C</key>
		<dict>
			<key>children</key>
			<array>
				<string>3AB1909A166FBF990098227C</string>
				<string>3AB1909C166FBF990098227C</string>
				<string>3AB1909E166FBF990098227C</string>
				<string>3AB190A0166FBF990098227C</string>
				<string>11438977B2DB4A26B07FE3DD</string>
			</array>
			<key>isa</key>
			<string>PBXGroup</string>
			<key>name</key>
			<string>Frameworks</string>
			<key>sourceTree</key>
			<string>&lt;group&gt;</string>
		</dict>
		<key>3AB1909A166FBF990098227C</key>
		<dict>
			<key>isa</key>
			<string>PBXFileReference</string>
			<key>lastKnownFileType</key>
			<string>wrapper.framework</string>
			<key>name</key>
			<string>UIKit.framework</string>
			<key>path</key>
			<string>System/Library/Frameworks/UIKit.framework</string>
			<key>sourceTree</key>
			<string>SDKROOT</string>
		</dict>
		<key>3AB1909B166FBF990098227C</key>
		<dict>
			<key>fileRef</key>
			<string>3AB1909A166FBF990098227C</string>
			<key>isa</key>
			<string>PBXBuildFile</string>
		</dict>
		<key>3AB1909C166FBF990098227C</key>
		<dict>
			<key>isa</key>
			<string>PBXFileReference</string>
			<key>lastKnownFileType</key>
			<string>wrapper.framework</string>
			<key>name</key>
			<string>Foundation.framework</string>
			<key>path</key>
			<string>System/Library/Frameworks/Foundation.framework</string>
			<key>sourceTree</key>
			<string>SDKROOT</string>
		</dict>
		<key>3AB1909D166FBF990098227C</key>
		<dict>
			<key>fileRef</key>
			<string>3AB1909C166FBF990098227C</string>
			<key>isa</key>
			<string>PBXBuildFile</string>
		</dict>
		<key>3AB1909E166FBF990098227C</key>
		<dict>
			<key>isa</key>
			<string>PBXFileReference</string>
			<key>lastKnownFileType</key>
			<string>wrapper.framework</string>
			<key>name</key>
			<string>CoreGraphics.framework</string>
			<key>path</key>
			<string>System/Library/Frameworks/CoreGraphics.framework</string>
			<key>sourceTree</key>
			<string>SDKROOT</string>
		</dict>
		<key>3AB1909F166FBF990098227C</key>
		<dict>
			<key>fileRef</key>
			<string>3AB1909E166FBF990098227C</string>
			<key>isa</key>
			<string>PBXBuildFile</string>
		</dict>
		<key>3AB190A0166FBF990098227C</key>
		<dict>
			<key>isa</key>
			<string>PBXFileReference</string>
			<key>lastKnownFileType</key>
			<string>wrapper.framework</string>
			<key>name</key>
			<string>CoreData.framework</string>
			<key>path</key>
			<string>System/Library/Frameworks/CoreData.framework</string>
			<key>sourceTree</key>
			<string>SDKROOT</string>
		</dict>
		<key>3AB190A1166FBF990098227C</key>
		<dict>
			<key>fileRef</key>
			<string>3AB190A0166FBF990098227C</string>
			<key>isa</key>
			<string>PBXBuildFile</string>
		</dict>
		<key>3AB190A2166FBF990098227C</key>
		<dict>
			<key>children</key>
			<array>
				<string>3AB190A3166FBF990098227C</string>
				<string>3AB190B1166FBF990098227C</string>
				<string>3AB190B2166FBF990098227C</string>
				<string>3AB190A7166FBF990098227C</string>
				<string>3AB190BA166FBF990098227C</string>
				<string>3AB190A5166FBF990098227C</string>
			</array>
			<key>isa</key>
			<string>PBXGroup</string>
			<key>path</key>
			<string>CUUCD2012</string>
			<key>sourceTree</key>
			<string>&lt;group&gt;</string>
		</dict>
		<key>3AB190A3166FBF990098227C</key>
		<dict>
			<key>isa</key>
			<string>PBXFileReference</string>
			<key>lastKnownFileType</key>
			<string>text</string>
			<key>name</key>
			<string>Podfile</string>
			<key>path</key>
			<string>../Podfile</string>
			<key>sourceTree</key>
			<string>&lt;group&gt;</string>
		</dict>
		<key>3AB190A4166FBF990098227C</key>
		<dict>
			<key>fileRef</key>
			<string>3AB190A3166FBF990098227C</string>
			<key>isa</key>
			<string>PBXBuildFile</string>
		</dict>
		<key>3AB190A5166FBF990098227C</key>
		<dict>
			<key>children</key>
			<array>
				<string>3AB190A6166FBF990098227C</string>
				<string>3AB190AB166FBF990098227C</string>
				<string>3AB190AC166FBF990098227C</string>
				<string>3AB190AF166FBF990098227C</string>
				<string>3AB190B4166FBF990098227C</string>
				<string>3AB190B6166FBF990098227C</string>
				<string>3AB190B8166FBF990098227C</string>
			</array>
			<key>isa</key>
			<string>PBXGroup</string>
			<key>name</key>
			<string>Supporting Files</string>
			<key>sourceTree</key>
			<string>&lt;group&gt;</string>
		</dict>
		<key>3AB190A6166FBF990098227C</key>
		<dict>
			<key>isa</key>
			<string>PBXFileReference</string>
			<key>lastKnownFileType</key>
			<string>sourcecode.c.h</string>
			<key>path</key>
			<string>CUUCD2012-Prefix.pch</string>
			<key>sourceTree</key>
			<string>&lt;group&gt;</string>
		</dict>
		<key>3AB190A7166FBF990098227C</key>
		<dict>
			<key>children</key>
			<array>
				<string>3AB190A8166FBF990098227C</string>
				<string>3AB190A9166FBF990098227C</string>
				<string>3AB190BE166FBF990098227C</string>
				<string>3AB190BF166FBF990098227C</string>
			</array>
			<key>isa</key>
			<string>PBXGroup</string>
			<key>name</key>
			<string>Networking</string>
			<key>sourceTree</key>
			<string>&lt;group&gt;</string>
		</dict>
		<key>3AB190A8166FBF990098227C</key>
		<dict>
			<key>isa</key>
			<string>PBXFileReference</string>
			<key>lastKnownFileType</key>
			<string>sourcecode.c.h</string>
			<key>name</key>
			<string>CUUCD2012APIClient.h</string>
			<key>path</key>
			<string>Classes/CUUCD2012APIClient.h</string>
			<key>sourceTree</key>
			<string>&lt;group&gt;</string>
		</dict>
		<key>3AB190A9166FBF990098227C</key>
		<dict>
			<key>isa</key>
			<string>PBXFileReference</string>
			<key>lastKnownFileType</key>
			<string>sourcecode.c.objc</string>
			<key>name</key>
			<string>CUUCD2012APIClient.m</string>
			<key>path</key>
			<string>Classes/CUUCD2012APIClient.m</string>
			<key>sourceTree</key>
			<string>&lt;group&gt;</string>
		</dict>
		<key>3AB190AA166FBF990098227C</key>
		<dict>
			<key>fileRef</key>
			<string>3AB190A9166FBF990098227C</string>
			<key>isa</key>
			<string>PBXBuildFile</string>
		</dict>
		<key>3AB190AB166FBF990098227C</key>
		<dict>
			<key>isa</key>
			<string>PBXFileReference</string>
			<key>lastKnownFileType</key>
			<string>text.plist.xml</string>
			<key>path</key>
			<string>CUUCD2012-Info.plist</string>
			<key>sourceTree</key>
			<string>&lt;group&gt;</string>
		</dict>
		<key>3AB190AC166FBF990098227C</key>
		<dict>
			<key>children</key>
			<array>
				<string>3AB190AD166FBF990098227C</string>
			</array>
			<key>isa</key>
			<string>PBXVariantGroup</string>
			<key>name</key>
			<string>InfoPlist.strings</string>
			<key>sourceTree</key>
			<string>&lt;group&gt;</string>
		</dict>
		<key>3AB190AD166FBF990098227C</key>
		<dict>
			<key>isa</key>
			<string>PBXFileReference</string>
			<key>lastKnownFileType</key>
			<string>text.plist.strings</string>
			<key>name</key>
			<string>en</string>
			<key>path</key>
			<string>en.lproj/InfoPlist.strings</string>
			<key>sourceTree</key>
			<string>&lt;group&gt;</string>
		</dict>
		<key>3AB190AE166FBF990098227C</key>
		<dict>
			<key>fileRef</key>
			<string>3AB190AC166FBF990098227C</string>
			<key>isa</key>
			<string>PBXBuildFile</string>
		</dict>
		<key>3AB190AF166FBF990098227C</key>
		<dict>
			<key>isa</key>
			<string>PBXFileReference</string>
			<key>lastKnownFileType</key>
			<string>sourcecode.c.objc</string>
			<key>path</key>
			<string>main.m</string>
			<key>sourceTree</key>
			<string>&lt;group&gt;</string>
		</dict>
		<key>3AB190B0166FBF990098227C</key>
		<dict>
			<key>fileRef</key>
			<string>3AB190AF166FBF990098227C</string>
			<key>isa</key>
			<string>PBXBuildFile</string>
		</dict>
		<key>3AB190B1166FBF990098227C</key>
		<dict>
			<key>isa</key>
			<string>PBXFileReference</string>
			<key>lastKnownFileType</key>
			<string>sourcecode.c.h</string>
			<key>path</key>
			<string>UCDAppDelegate.h</string>
			<key>sourceTree</key>
			<string>&lt;group&gt;</string>
		</dict>
		<key>3AB190B2166FBF990098227C</key>
		<dict>
			<key>isa</key>
			<string>PBXFileReference</string>
			<key>lastKnownFileType</key>
			<string>sourcecode.c.objc</string>
			<key>path</key>
			<string>UCDAppDelegate.m</string>
			<key>sourceTree</key>
			<string>&lt;group&gt;</string>
		</dict>
		<key>3AB190B3166FBF990098227C</key>
		<dict>
			<key>fileRef</key>
			<string>3AB190B2166FBF990098227C</string>
			<key>isa</key>
			<string>PBXBuildFile</string>
		</dict>
		<key>3AB190B4166FBF990098227C</key>
		<dict>
			<key>isa</key>
			<string>PBXFileReference</string>
			<key>lastKnownFileType</key>
			<string>image.png</string>
			<key>path</key>
			<string>Default.png</string>
			<key>sourceTree</key>
			<string>&lt;group&gt;</string>
		</dict>
		<key>3AB190B5166FBF990098227C</key>
		<dict>
			<key>fileRef</key>
			<string>3AB190B4166FBF990098227C</string>
			<key>isa</key>
			<string>PBXBuildFile</string>
		</dict>
		<key>3AB190B6166FBF990098227C</key>
		<dict>
			<key>isa</key>
			<string>PBXFileReference</string>
			<key>lastKnownFileType</key>
			<string>image.png</string>
			<key>path</key>
			<string>Default@2x.png</string>
			<key>sourceTree</key>
			<string>&lt;group&gt;</string>
		</dict>
		<key>3AB190B7166FBF990098227C</key>
		<dict>
			<key>fileRef</key>
			<string>3AB190B6166FBF990098227C</string>
			<key>isa</key>
			<string>PBXBuildFile</string>
		</dict>
		<key>3AB190B8166FBF990098227C</key>
		<dict>
			<key>isa</key>
			<string>PBXFileReference</string>
			<key>lastKnownFileType</key>
			<string>image.png</string>
			<key>path</key>
			<string>Default-568h@2x.png</string>
			<key>sourceTree</key>
			<string>&lt;group&gt;</string>
		</dict>
		<key>3AB190B9166FBF990098227C</key>
		<dict>
			<key>fileRef</key>
			<string>3AB190B8166FBF990098227C</string>
			<key>isa</key>
			<string>PBXBuildFile</string>
		</dict>
		<key>3AB190BA166FBF990098227C</key>
		<dict>
			<key>children</key>
			<array>
				<string>3AB190BB166FBF990098227C</string>
			</array>
			<key>isa</key>
			<string>PBXGroup</string>
			<key>name</key>
			<string>Models</string>
			<key>sourceTree</key>
			<string>&lt;group&gt;</string>
		</dict>
		<key>3AB190BB166FBF990098227C</key>
		<dict>
			<key>children</key>
			<array>
				<string>3AB190BC166FBF990098227C</string>
			</array>
			<key>currentVersion</key>
			<string>3AB190BC166FBF990098227C</string>
			<key>isa</key>
			<string>XCVersionGroup</string>
			<key>path</key>
			<string>CUUCD2012.xcdatamodeld</string>
			<key>sourceTree</key>
			<string>&lt;group&gt;</string>
			<key>versionGroupType</key>
			<string>wrapper.xcdatamodel</string>
		</dict>
		<key>3AB190BC166FBF990098227C</key>
		<dict>
			<key>isa</key>
			<string>PBXFileReference</string>
			<key>lastKnownFileType</key>
			<string>wrapper.xcdatamodel</string>
			<key>path</key>
			<string>CUUCD2012.xcdatamodel</string>
			<key>sourceTree</key>
			<string>&lt;group&gt;</string>
		</dict>
		<key>3AB190BD166FBF990098227C</key>
		<dict>
			<key>fileRef</key>
			<string>3AB190BB166FBF990098227C</string>
			<key>isa</key>
			<string>PBXBuildFile</string>
		</dict>
		<key>3AB190BE166FBF990098227C</key>
		<dict>
			<key>isa</key>
			<string>PBXFileReference</string>
			<key>lastKnownFileType</key>
			<string>sourcecode.c.h</string>
			<key>name</key>
			<string>CUUCD2012IncrementalStore.h</string>
			<key>path</key>
			<string>Classes/CUUCD2012IncrementalStore.h</string>
			<key>sourceTree</key>
			<string>&lt;group&gt;</string>
		</dict>
		<key>3AB190BF166FBF990098227C</key>
		<dict>
			<key>isa</key>
			<string>PBXFileReference</string>
			<key>lastKnownFileType</key>
			<string>sourcecode.c.objc</string>
			<key>name</key>
			<string>CUUCD2012IncrementalStore.m</string>
			<key>path</key>
			<string>Classes/CUUCD2012IncrementalStore.m</string>
			<key>sourceTree</key>
			<string>&lt;group&gt;</string>
		</dict>
		<key>3AB190C0166FBF990098227C</key>
		<dict>
			<key>fileRef</key>
			<string>3AB190BF166FBF990098227C</string>
			<key>isa</key>
			<string>PBXBuildFile</string>
		</dict>
		<key>3AB190C1166FBF990098227C</key>
		<dict>
			<key>buildSettings</key>
			<dict>
				<key>ALWAYS_SEARCH_USER_PATHS</key>
				<string>NO</string>
				<key>CLANG_CXX_LANGUAGE_STANDARD</key>
				<string>gnu++0x</string>
				<key>CLANG_CXX_LIBRARY</key>
				<string>libc++</string>
				<key>CLANG_ENABLE_OBJC_ARC</key>
				<string>YES</string>
				<key>CLANG_WARN_EMPTY_BODY</key>
				<string>YES</string>
				<key>CLANG_WARN__DUPLICATE_METHOD_MATCH</key>
				<string>YES</string>
				<key>CODE_SIGN_IDENTITY[sdk=iphoneos*]</key>
				<string>iPhone Developer</string>
				<key>COPY_PHASE_STRIP</key>
				<string>NO</string>
				<key>GCC_C_LANGUAGE_STANDARD</key>
				<string>gnu99</string>
				<key>GCC_DYNAMIC_NO_PIC</key>
				<string>NO</string>
				<key>GCC_OPTIMIZATION_LEVEL</key>
				<string>0</string>
				<key>GCC_PREPROCESSOR_DEFINITIONS</key>
				<array>
					<string>DEBUG=1</string>
					<string>$(inherited)</string>
				</array>
				<key>GCC_SYMBOLS_PRIVATE_EXTERN</key>
				<string>NO</string>
				<key>GCC_WARN_ABOUT_RETURN_TYPE</key>
				<string>YES</string>
				<key>GCC_WARN_UNINITIALIZED_AUTOS</key>
				<string>YES</string>
				<key>GCC_WARN_UNUSED_VARIABLE</key>
				<string>YES</string>
				<key>IPHONEOS_DEPLOYMENT_TARGET</key>
				<string>6.0</string>
				<key>ONLY_ACTIVE_ARCH</key>
				<string>YES</string>
				<key>SDKROOT</key>
				<string>iphoneos</string>
				<key>TARGETED_DEVICE_FAMILY</key>
				<string>1,2</string>
			</dict>
			<key>isa</key>
			<string>XCBuildConfiguration</string>
			<key>name</key>
			<string>Debug</string>
		</dict>
		<key>3AB190C2166FBF990098227C</key>
		<dict>
			<key>buildSettings</key>
			<dict>
				<key>ALWAYS_SEARCH_USER_PATHS</key>
				<string>NO</string>
				<key>CLANG_CXX_LANGUAGE_STANDARD</key>
				<string>gnu++0x</string>
				<key>CLANG_CXX_LIBRARY</key>
				<string>libc++</string>
				<key>CLANG_ENABLE_OBJC_ARC</key>
				<string>YES</string>
				<key>CLANG_WARN_EMPTY_BODY</key>
				<string>YES</string>
				<key>CLANG_WARN__DUPLICATE_METHOD_MATCH</key>
				<string>YES</string>
				<key>CODE_SIGN_IDENTITY[sdk=iphoneos*]</key>
				<string>iPhone Developer</string>
				<key>COPY_PHASE_STRIP</key>
				<string>YES</string>
				<key>GCC_C_LANGUAGE_STANDARD</key>
				<string>gnu99</string>
				<key>GCC_WARN_ABOUT_RETURN_TYPE</key>
				<string>YES</string>
				<key>GCC_WARN_UNINITIALIZED_AUTOS</key>
				<string>YES</string>
				<key>GCC_WARN_UNUSED_VARIABLE</key>
				<string>YES</string>
				<key>IPHONEOS_DEPLOYMENT_TARGET</key>
				<string>6.0</string>
				<key>OTHER_CFLAGS</key>
				<string>-DNS_BLOCK_ASSERTIONS=1</string>
				<key>SDKROOT</key>
				<string>iphoneos</string>
				<key>TARGETED_DEVICE_FAMILY</key>
				<string>1,2</string>
				<key>VALIDATE_PRODUCT</key>
				<string>YES</string>
			</dict>
			<key>isa</key>
			<string>XCBuildConfiguration</string>
			<key>name</key>
			<string>Release</string>
		</dict>
		<key>3AB190C3166FBF990098227C</key>
		<dict>
			<key>buildConfigurations</key>
			<array>
				<string>3AB190C4166FBF990098227C</string>
				<string>3AB190C5166FBF990098227C</string>
			</array>
			<key>defaultConfigurationIsVisible</key>
			<string>0</string>
			<key>isa</key>
			<string>XCConfigurationList</string>
		</dict>
		<key>3AB190C4166FBF990098227C</key>
		<dict>
			<key>baseConfigurationReference</key>
			<string>5250BB6505B34302B0001798</string>
			<key>buildSettings</key>
			<dict>
				<key>GCC_PRECOMPILE_PREFIX_HEADER</key>
				<string>YES</string>
				<key>GCC_PREFIX_HEADER</key>
				<string>CUUCD2012/CUUCD2012-Prefix.pch</string>
				<key>INFOPLIST_FILE</key>
				<string>CUUCD2012/CUUCD2012-Info.plist</string>
				<key>PRODUCT_NAME</key>
				<string>$(TARGET_NAME)</string>
				<key>WRAPPER_EXTENSION</key>
				<string>app</string>
			</dict>
			<key>isa</key>
			<string>XCBuildConfiguration</string>
			<key>name</key>
			<string>Debug</string>
		</dict>
		<key>3AB190C5166FBF990098227C</key>
		<dict>
			<key>baseConfigurationReference</key>
			<string>5250BB6505B34302B0001798</string>
			<key>buildSettings</key>
			<dict>
				<key>GCC_PRECOMPILE_PREFIX_HEADER</key>
				<string>YES</string>
				<key>GCC_PREFIX_HEADER</key>
				<string>CUUCD2012/CUUCD2012-Prefix.pch</string>
				<key>INFOPLIST_FILE</key>
				<string>CUUCD2012/CUUCD2012-Info.plist</string>
				<key>PRODUCT_NAME</key>
				<string>$(TARGET_NAME)</string>
				<key>WRAPPER_EXTENSION</key>
				<string>app</string>
			</dict>
			<key>isa</key>
			<string>XCBuildConfiguration</string>
			<key>name</key>
			<string>Release</string>
		</dict>
		<key>5250BB6505B34302B0001798</key>
		<dict>
			<key>includeInIndex</key>
			<string>1</string>
			<key>isa</key>
			<string>PBXFileReference</string>
			<key>lastKnownFileType</key>
			<string>text.xcconfig</string>
			<key>name</key>
			<string>Pods.xcconfig</string>
			<key>path</key>
			<string>Pods/Pods.xcconfig</string>
			<key>sourceTree</key>
			<string>SOURCE_ROOT</string>
		</dict>
		<key>BDFCF21E5B8A413CB1D08F43</key>
		<dict>
			<key>fileRef</key>
			<string>11438977B2DB4A26B07FE3DD</string>
			<key>isa</key>
			<string>PBXBuildFile</string>
			<key>settings</key>
			<dict/>
		</dict>
		<key>DA74B3159B3E4F339B3024DF</key>
		<dict>
			<key>buildActionMask</key>
			<string>2147483647</string>
			<key>files</key>
			<array/>
			<key>inputPaths</key>
			<array/>
			<key>isa</key>
			<string>PBXShellScriptBuildPhase</string>
			<key>name</key>
			<string>Copy Pods Resources</string>
			<key>outputPaths</key>
			<array/>
			<key>runOnlyForDeploymentPostprocessing</key>
			<string>0</string>
			<key>shellPath</key>
			<string>/bin/sh</string>
			<key>shellScript</key>
			<string>"${SRCROOT}/Pods/Pods-resources.sh"
</string>
			<key>showEnvVarsInLog</key>
			<string>1</string>
		</dict>
	</dict>
	<key>rootObject</key>
	<string>3AB1908D166FBF990098227C</string>
</dict>
</plist>
