// !$*UTF8*$!
{
	archiveVersion = 1;
	classes = {
	};
	objectVersion = 46;
	objects = {

/* Begin PBXBuildFile section */
		3A34001C167470D000C1B0A1 /* UCDGroupedTableViewController.m in Sources */ = {isa = PBXBuildFile; fileRef = 3A34001B167470D000C1B0A1 /* UCDGroupedTableViewController.m */; };
		3A3400201674757500C1B0A1 /* UCDTableViewController.m in Sources */ = {isa = PBXBuildFile; fileRef = 3A34001F1674757500C1B0A1 /* UCDTableViewController.m */; };
		3A34002316747C8F00C1B0A1 /* UCDMapGroupedTableViewCell.m in Sources */ = {isa = PBXBuildFile; fileRef = 3A34002216747C8F00C1B0A1 /* UCDMapGroupedTableViewCell.m */; };
		3A34002516747CBC00C1B0A1 /* MapKit.framework in Frameworks */ = {isa = PBXBuildFile; fileRef = 3A34002416747CBC00C1B0A1 /* MapKit.framework */; };
		3A3400281674841200C1B0A1 /* UCDExtendedTextGroupedTableViewCell.m in Sources */ = {isa = PBXBuildFile; fileRef = 3A3400271674841200C1B0A1 /* UCDExtendedTextGroupedTableViewCell.m */; };
		3A34002C167488B700C1B0A1 /* AddressBookUI.framework in Frameworks */ = {isa = PBXBuildFile; fileRef = 3A34002B167488B700C1B0A1 /* AddressBookUI.framework */; };
		3A34002E167489F600C1B0A1 /* AddressBook.framework in Frameworks */ = {isa = PBXBuildFile; fileRef = 3A34002D167489F600C1B0A1 /* AddressBook.framework */; };
		3A34003116748AFF00C1B0A1 /* UCDSubtitleGroupedTableViewCell.m in Sources */ = {isa = PBXBuildFile; fileRef = 3A34003016748AFF00C1B0A1 /* UCDSubtitleGroupedTableViewCell.m */; };
		3A34003C1675187400C1B0A1 /* Icon-72.png in Resources */ = {isa = PBXBuildFile; fileRef = 3A3400321675187400C1B0A1 /* Icon-72.png */; };
		3A34003D1675187400C1B0A1 /* Icon-72@2x.png in Resources */ = {isa = PBXBuildFile; fileRef = 3A3400331675187400C1B0A1 /* Icon-72@2x.png */; };
		3A34003E1675187400C1B0A1 /* Icon-Small-50.png in Resources */ = {isa = PBXBuildFile; fileRef = 3A3400341675187400C1B0A1 /* Icon-Small-50.png */; };
		3A34003F1675187400C1B0A1 /* Icon-Small-50@2x.png in Resources */ = {isa = PBXBuildFile; fileRef = 3A3400351675187400C1B0A1 /* Icon-Small-50@2x.png */; };
		3A3400401675187400C1B0A1 /* Icon-Small.png in Resources */ = {isa = PBXBuildFile; fileRef = 3A3400361675187400C1B0A1 /* Icon-Small.png */; };
		3A3400411675187400C1B0A1 /* Icon-Small@2x.png in Resources */ = {isa = PBXBuildFile; fileRef = 3A3400371675187400C1B0A1 /* Icon-Small@2x.png */; };
		3A3400421675187400C1B0A1 /* Icon.png in Resources */ = {isa = PBXBuildFile; fileRef = 3A3400381675187400C1B0A1 /* Icon.png */; };
		3A3400431675187400C1B0A1 /* Icon@2x.png in Resources */ = {isa = PBXBuildFile; fileRef = 3A3400391675187400C1B0A1 /* Icon@2x.png */; };
		3A3400441675187400C1B0A1 /* iTunesArtwork.png in Resources */ = {isa = PBXBuildFile; fileRef = 3A34003A1675187400C1B0A1 /* iTunesArtwork.png */; };
		3A3400451675187400C1B0A1 /* iTunesArtwork@2x.png in Resources */ = {isa = PBXBuildFile; fileRef = 3A34003B1675187400C1B0A1 /* iTunesArtwork@2x.png */; };
		3A7ADBC71670055100362071 /* UCDWelcomeViewController.m in Sources */ = {isa = PBXBuildFile; fileRef = 3A7ADBC61670055100362071 /* UCDWelcomeViewController.m */; };
		3A7ADBDD167006A900362071 /* UCDUser.m in Sources */ = {isa = PBXBuildFile; fileRef = 3A7ADBDC167006A900362071 /* UCDUser.m */; };
		3A7ADBE1167027C800362071 /* UCDNavigationTitleView.m in Sources */ = {isa = PBXBuildFile; fileRef = 3A7ADBE0167027C800362071 /* UCDNavigationTitleView.m */; };
		3A7ADBE4167057DD00362071 /* gothamhtfbold.ttf in Resources */ = {isa = PBXBuildFile; fileRef = 3A7ADBE2167057DD00362071 /* gothamhtfbold.ttf */; };
		3A7ADBE5167057DD00362071 /* gothamhtfbook.ttf in Resources */ = {isa = PBXBuildFile; fileRef = 3A7ADBE3167057DD00362071 /* gothamhtfbook.ttf */; };
		3A7ADBEA16705A9D00362071 /* UCDWelcomeStepsWell.png in Resources */ = {isa = PBXBuildFile; fileRef = 3A7ADBE816705A9D00362071 /* UCDWelcomeStepsWell.png */; };
		3A7ADBEB16705A9D00362071 /* UCDWelcomeStepsWell@2x.png in Resources */ = {isa = PBXBuildFile; fileRef = 3A7ADBE916705A9D00362071 /* UCDWelcomeStepsWell@2x.png */; };
		3A7ADBEE16705CF700362071 /* UCDWelcomeStepsView.m in Sources */ = {isa = PBXBuildFile; fileRef = 3A7ADBED16705CF700362071 /* UCDWelcomeStepsView.m */; };
		3A7ADBF116705E3F00362071 /* UCDWelcomeStepBackground.png in Resources */ = {isa = PBXBuildFile; fileRef = 3A7ADBEF16705E3F00362071 /* UCDWelcomeStepBackground.png */; };
		3A7ADBF216705E3F00362071 /* UCDWelcomeStepBackground@2x.png in Resources */ = {isa = PBXBuildFile; fileRef = 3A7ADBF016705E3F00362071 /* UCDWelcomeStepBackground@2x.png */; };
		3A7ADBF516705E4700362071 /* UCDWelcomeStepView.m in Sources */ = {isa = PBXBuildFile; fileRef = 3A7ADBF416705E4700362071 /* UCDWelcomeStepView.m */; };
		3A7ADC0716706B1D00362071 /* UCDStyleManager.m in Sources */ = {isa = PBXBuildFile; fileRef = 3A7ADC0616706B1D00362071 /* UCDStyleManager.m */; };
		3A7ADC0C16706B9400362071 /* UCDFooterBackground.png in Resources */ = {isa = PBXBuildFile; fileRef = 3A7ADC0816706B9400362071 /* UCDFooterBackground.png */; };
		3A7ADC0D16706B9400362071 /* UCDFooterBackground@2x.png in Resources */ = {isa = PBXBuildFile; fileRef = 3A7ADC0916706B9400362071 /* UCDFooterBackground@2x.png */; };
		3A7ADC0E16706B9400362071 /* UCDHeaderBackground.png in Resources */ = {isa = PBXBuildFile; fileRef = 3A7ADC0A16706B9400362071 /* UCDHeaderBackground.png */; };
		3A7ADC0F16706B9400362071 /* UCDHeaderBackground@2x.png in Resources */ = {isa = PBXBuildFile; fileRef = 3A7ADC0B16706B9400362071 /* UCDHeaderBackground@2x.png */; };
		3A7ADC1216706E8F00362071 /* UCDViewBackground.png in Resources */ = {isa = PBXBuildFile; fileRef = 3A7ADC1016706E8F00362071 /* UCDViewBackground.png */; };
		3A7ADC1316706E8F00362071 /* UCDViewBackground@2x.png in Resources */ = {isa = PBXBuildFile; fileRef = 3A7ADC1116706E8F00362071 /* UCDViewBackground@2x.png */; };
		3A7ADC16167070AC00362071 /* UCDWelcomePageView.m in Sources */ = {isa = PBXBuildFile; fileRef = 3A7ADC15167070AC00362071 /* UCDWelcomePageView.m */; };
		3A7ADC1D1671065100362071 /* UCDButton.m in Sources */ = {isa = PBXBuildFile; fileRef = 3A7ADC1C1671065100362071 /* UCDButton.m */; };
		3A7ADC20167106EF00362071 /* UCDWelcomePageViewAccept.m in Sources */ = {isa = PBXBuildFile; fileRef = 3A7ADC1F167106EE00362071 /* UCDWelcomePageViewAccept.m */; };
		3A7ADC231671169300362071 /* UCDWelcomeButtonBackgroundPressed.png in Resources */ = {isa = PBXBuildFile; fileRef = 3A7ADC211671169300362071 /* UCDWelcomeButtonBackgroundPressed.png */; };
		3A7ADC241671169300362071 /* UCDWelcomeButtonBackgroundPressed@2x.png in Resources */ = {isa = PBXBuildFile; fileRef = 3A7ADC221671169300362071 /* UCDWelcomeButtonBackgroundPressed@2x.png */; };
		3A9C1B29167117DD00B53BA3 /* UCDWelcomeButtonBackground.png in Resources */ = {isa = PBXBuildFile; fileRef = 3A9C1B27167117DD00B53BA3 /* UCDWelcomeButtonBackground.png */; };
		3A9C1B2A167117DD00B53BA3 /* UCDWelcomeButtonBackground@2x.png in Resources */ = {isa = PBXBuildFile; fileRef = 3A9C1B28167117DD00B53BA3 /* UCDWelcomeButtonBackground@2x.png */; };
		3A9C1B2F16711CE700B53BA3 /* UCDBarButtonBackgroundBack.png in Resources */ = {isa = PBXBuildFile; fileRef = 3A9C1B2B16711CE700B53BA3 /* UCDBarButtonBackgroundBack.png */; };
		3A9C1B3016711CE700B53BA3 /* UCDBarButtonBackgroundBack@2x.png in Resources */ = {isa = PBXBuildFile; fileRef = 3A9C1B2C16711CE700B53BA3 /* UCDBarButtonBackgroundBack@2x.png */; };
		3A9C1B3116711CE700B53BA3 /* UCDBarButtonBackgroundBackPressed.png in Resources */ = {isa = PBXBuildFile; fileRef = 3A9C1B2D16711CE700B53BA3 /* UCDBarButtonBackgroundBackPressed.png */; };
		3A9C1B3216711CE700B53BA3 /* UCDBarButtonBackgroundBackPressed@2x.png in Resources */ = {isa = PBXBuildFile; fileRef = 3A9C1B2E16711CE700B53BA3 /* UCDBarButtonBackgroundBackPressed@2x.png */; };
		3A9C1B351671298D00B53BA3 /* UCDWelcomePageViewDuration.m in Sources */ = {isa = PBXBuildFile; fileRef = 3A9C1B341671298D00B53BA3 /* UCDWelcomePageViewDuration.m */; };
		3A9C1B3C16712B6200B53BA3 /* UCDWelcomePageDurationIcon.png in Resources */ = {isa = PBXBuildFile; fileRef = 3A9C1B3A16712B6200B53BA3 /* UCDWelcomePageDurationIcon.png */; };
		3A9C1B3D16712B6200B53BA3 /* UCDWelcomePageDurationIcon@2x.png in Resources */ = {isa = PBXBuildFile; fileRef = 3A9C1B3B16712B6200B53BA3 /* UCDWelcomePageDurationIcon@2x.png */; };
		3A9C1B471671371C00B53BA3 /* UCDWelcomePageViewAccuracy.m in Sources */ = {isa = PBXBuildFile; fileRef = 3A9C1B461671371C00B53BA3 /* UCDWelcomePageViewAccuracy.m */; };
		3A9C1B4B167138E800B53BA3 /* UCDWelcomePageAccuracyIcon.png in Resources */ = {isa = PBXBuildFile; fileRef = 3A9C1B49167138E800B53BA3 /* UCDWelcomePageAccuracyIcon.png */; };
		3A9C1B4C167138E800B53BA3 /* UCDWelcomePageAccuracyIcon@2x.png in Resources */ = {isa = PBXBuildFile; fileRef = 3A9C1B4A167138E800B53BA3 /* UCDWelcomePageAccuracyIcon@2x.png */; };
		3A9C1B4F16713A6900B53BA3 /* UCDWelcomePageViewAbout.m in Sources */ = {isa = PBXBuildFile; fileRef = 3A9C1B4E16713A6900B53BA3 /* UCDWelcomePageViewAbout.m */; };
		3A9C1B5216713B9800B53BA3 /* UCDWelcomePageViewComplete.m in Sources */ = {isa = PBXBuildFile; fileRef = 3A9C1B5116713B9800B53BA3 /* UCDWelcomePageViewComplete.m */; };
		3AB1909B166FBF990098227C /* UIKit.framework in Frameworks */ = {isa = PBXBuildFile; fileRef = 3AB1909A166FBF990098227C /* UIKit.framework */; };
		3AB1909D166FBF990098227C /* Foundation.framework in Frameworks */ = {isa = PBXBuildFile; fileRef = 3AB1909C166FBF990098227C /* Foundation.framework */; };
		3AB1909F166FBF990098227C /* CoreGraphics.framework in Frameworks */ = {isa = PBXBuildFile; fileRef = 3AB1909E166FBF990098227C /* CoreGraphics.framework */; };
		3AB190A1166FBF990098227C /* CoreData.framework in Frameworks */ = {isa = PBXBuildFile; fileRef = 3AB190A0166FBF990098227C /* CoreData.framework */; };
		3AB190A4166FBF990098227C /* Podfile in Resources */ = {isa = PBXBuildFile; fileRef = 3AB190A3166FBF990098227C /* Podfile */; };
		3AB190AA166FBF990098227C /* CUUCD2012APIClient.m in Sources */ = {isa = PBXBuildFile; fileRef = 3AB190A9166FBF990098227C /* CUUCD2012APIClient.m */; };
		3AB190AE166FBF990098227C /* InfoPlist.strings in Resources */ = {isa = PBXBuildFile; fileRef = 3AB190AC166FBF990098227C /* InfoPlist.strings */; };
		3AB190B0166FBF990098227C /* main.m in Sources */ = {isa = PBXBuildFile; fileRef = 3AB190AF166FBF990098227C /* main.m */; };
		3AB190B3166FBF990098227C /* UCDAppDelegate.m in Sources */ = {isa = PBXBuildFile; fileRef = 3AB190B2166FBF990098227C /* UCDAppDelegate.m */; };
		3AB190B5166FBF990098227C /* Default.png in Resources */ = {isa = PBXBuildFile; fileRef = 3AB190B4166FBF990098227C /* Default.png */; };
		3AB190B7166FBF990098227C /* Default@2x.png in Resources */ = {isa = PBXBuildFile; fileRef = 3AB190B6166FBF990098227C /* Default@2x.png */; };
		3AB190B9166FBF990098227C /* Default-568h@2x.png in Resources */ = {isa = PBXBuildFile; fileRef = 3AB190B8166FBF990098227C /* Default-568h@2x.png */; };
		3AB190BD166FBF990098227C /* CUUCD2012.xcdatamodeld in Sources */ = {isa = PBXBuildFile; fileRef = 3AB190BB166FBF990098227C /* CUUCD2012.xcdatamodeld */; };
		3AB190C0166FBF990098227C /* CUUCD2012IncrementalStore.m in Sources */ = {isa = PBXBuildFile; fileRef = 3AB190BF166FBF990098227C /* CUUCD2012IncrementalStore.m */; };
		3AB190D6166FE2A10098227C /* UCDPlacesViewController.m in Sources */ = {isa = PBXBuildFile; fileRef = 3AB190D5166FE2A00098227C /* UCDPlacesViewController.m */; };
		3AB190DD166FE3910098227C /* UCDPlace.m in Sources */ = {isa = PBXBuildFile; fileRef = 3AB190DC166FE3910098227C /* UCDPlace.m */; };
		3AB190DF166FE4AC0098227C /* CoreLocation.framework in Frameworks */ = {isa = PBXBuildFile; fileRef = 3AB190DE166FE4AC0098227C /* CoreLocation.framework */; };
		3AB190E9166FF1D20098227C /* UIControl+BlockActions.m in Sources */ = {isa = PBXBuildFile; fileRef = 3AB190E8166FF1D20098227C /* UIControl+BlockActions.m */; };
		3AB190EE166FF1F40098227C /* BlockActionWrapper.m in Sources */ = {isa = PBXBuildFile; fileRef = 3AB190ED166FF1F40098227C /* BlockActionWrapper.m */; };
		3AB1910E166FF8910098227C /* UCDMasterViewController.m in Sources */ = {isa = PBXBuildFile; fileRef = 3AB1910D166FF8910098227C /* UCDMasterViewController.m */; };
		3AB19112166FFBA40098227C /* MSBarButtonIconNavigationPane.png in Resources */ = {isa = PBXBuildFile; fileRef = 3AB19110166FFBA40098227C /* MSBarButtonIconNavigationPane.png */; };
		3AB19113166FFBA40098227C /* MSBarButtonIconNavigationPane@2x.png in Resources */ = {isa = PBXBuildFile; fileRef = 3AB19111166FFBA40098227C /* MSBarButtonIconNavigationPane@2x.png */; };
		3AB19148167000170098227C /* UCDPlaceCell.m in Sources */ = {isa = PBXBuildFile; fileRef = 3AB19147167000170098227C /* UCDPlaceCell.m */; };
		3AB1914B167001E40098227C /* UCDSettingsViewController.m in Sources */ = {isa = PBXBuildFile; fileRef = 3AB1914A167001E40098227C /* UCDSettingsViewController.m */; };
		3AD33C7A16765D83001C179F /* UCDMapViewController.m in Sources */ = {isa = PBXBuildFile; fileRef = 3AD33C7916765D83001C179F /* UCDMapViewController.m */; };
		3AD33C8B16766A46001C179F /* ssstandard.ttf in Resources */ = {isa = PBXBuildFile; fileRef = 3AD33C8A16766A46001C179F /* ssstandard.ttf */; };
		3AD33CA11676729E001C179F /* UCDPlaceAnnotation.m in Sources */ = {isa = PBXBuildFile; fileRef = 3AD33CA01676729E001C179F /* UCDPlaceAnnotation.m */; };
		3AD33CA41676740F001C179F /* UCDDisclosureIcon.png in Resources */ = {isa = PBXBuildFile; fileRef = 3AD33CA21676740F001C179F /* UCDDisclosureIcon.png */; };
		3AD33CA51676740F001C179F /* UCDDisclosureIcon@2x.png in Resources */ = {isa = PBXBuildFile; fileRef = 3AD33CA31676740F001C179F /* UCDDisclosureIcon@2x.png */; };
		3AD33CA816768A02001C179F /* UCDPopularityView.m in Sources */ = {isa = PBXBuildFile; fileRef = 3AD33CA716768A02001C179F /* UCDPopularityView.m */; };
		3AD849691671779900159856 /* UCDBarButtonBackground.png in Resources */ = {isa = PBXBuildFile; fileRef = 3AD849651671779900159856 /* UCDBarButtonBackground.png */; };
		3AD8496A1671779900159856 /* UCDBarButtonBackground@2x.png in Resources */ = {isa = PBXBuildFile; fileRef = 3AD849661671779900159856 /* UCDBarButtonBackground@2x.png */; };
		3AD8496B1671779900159856 /* UCDBarButtonBackgroundPressed.png in Resources */ = {isa = PBXBuildFile; fileRef = 3AD849671671779900159856 /* UCDBarButtonBackgroundPressed.png */; };
		3AD8496C1671779900159856 /* UCDBarButtonBackgroundPressed@2x.png in Resources */ = {isa = PBXBuildFile; fileRef = 3AD849681671779900159856 /* UCDBarButtonBackgroundPressed@2x.png */; };
		3AD84971167178D000159856 /* UIImage+Darken.m in Sources */ = {isa = PBXBuildFile; fileRef = 3AD84970167178D000159856 /* UIImage+Darken.m */; };
		3AD8497416717D7700159856 /* UCDBorderedLabel.m in Sources */ = {isa = PBXBuildFile; fileRef = 3AD8497316717D7700159856 /* UCDBorderedLabel.m */; };
		3AD849891671A27E00159856 /* UCDTableView.m in Sources */ = {isa = PBXBuildFile; fileRef = 3AD849881671A27E00159856 /* UCDTableView.m */; };
		3AD8498D1671A2E200159856 /* UCDTableViewCell.m in Sources */ = {isa = PBXBuildFile; fileRef = 3AD8498C1671A2E200159856 /* UCDTableViewCell.m */; };
		3AD849AA1671AF2500159856 /* UCDPlaceViewController.m in Sources */ = {isa = PBXBuildFile; fileRef = 3AD849A91671AF2500159856 /* UCDPlaceViewController.m */; };
		3AD849B51671C12700159856 /* UCDGroupedTableViewCell.m in Sources */ = {isa = PBXBuildFile; fileRef = 3AD849B41671C12700159856 /* UCDGroupedTableViewCell.m */; };
		3AD849BF1673EDF600159856 /* UCDTextField.m in Sources */ = {isa = PBXBuildFile; fileRef = 3AD849BE1673EDF200159856 /* UCDTextField.m */; };
		3AD849C2167455FE00159856 /* UCDRightDetailGroupedTableViewCell.m in Sources */ = {isa = PBXBuildFile; fileRef = 3AD849C1167455FC00159856 /* UCDRightDetailGroupedTableViewCell.m */; };
		3AD849C51674568500159856 /* UCDButtonGroupedTableViewCell.m in Sources */ = {isa = PBXBuildFile; fileRef = 3AD849C41674568400159856 /* UCDButtonGroupedTableViewCell.m */; };
		3AE1E6C716755AE700819247 /* UCDMasterTableView.m in Sources */ = {isa = PBXBuildFile; fileRef = 3AE1E6C616755AE700819247 /* UCDMasterTableView.m */; };
		3AE1E6CB16755B3300819247 /* UCDMasterTableViewBackground.png in Resources */ = {isa = PBXBuildFile; fileRef = 3AE1E6C916755B3300819247 /* UCDMasterTableViewBackground.png */; };
		3AE1E6CC16755B3300819247 /* UCDMasterTableViewBackground@2x.png in Resources */ = {isa = PBXBuildFile; fileRef = 3AE1E6CA16755B3300819247 /* UCDMasterTableViewBackground@2x.png */; };
		3AE1E6CF16755CFF00819247 /* UCDMasterTableViewCell.m in Sources */ = {isa = PBXBuildFile; fileRef = 3AE1E6CE16755CFF00819247 /* UCDMasterTableViewCell.m */; };
		3AE1E6DD167564C200819247 /* UCDMasterTableViewHeader.m in Sources */ = {isa = PBXBuildFile; fileRef = 3AE1E6DC167564C200819247 /* UCDMasterTableViewHeader.m */; };
		BDFCF21E5B8A413CB1D08F43 /* libPods.a in Frameworks */ = {isa = PBXBuildFile; fileRef = 11438977B2DB4A26B07FE3DD /* libPods.a */; };
/* End PBXBuildFile section */

/* Begin PBXFileReference section */
		11438977B2DB4A26B07FE3DD /* libPods.a */ = {isa = PBXFileReference; explicitFileType = archive.ar; includeInIndex = 0; path = libPods.a; sourceTree = BUILT_PRODUCTS_DIR; };
		3A34001A167470D000C1B0A1 /* UCDGroupedTableViewController.h */ = {isa = PBXFileReference; fileEncoding = 4; lastKnownFileType = sourcecode.c.h; path = UCDGroupedTableViewController.h; sourceTree = "<group>"; };
		3A34001B167470D000C1B0A1 /* UCDGroupedTableViewController.m */ = {isa = PBXFileReference; fileEncoding = 4; lastKnownFileType = sourcecode.c.objc; path = UCDGroupedTableViewController.m; sourceTree = "<group>"; };
		3A34001E1674757500C1B0A1 /* UCDTableViewController.h */ = {isa = PBXFileReference; fileEncoding = 4; lastKnownFileType = sourcecode.c.h; path = UCDTableViewController.h; sourceTree = "<group>"; };
		3A34001F1674757500C1B0A1 /* UCDTableViewController.m */ = {isa = PBXFileReference; fileEncoding = 4; lastKnownFileType = sourcecode.c.objc; path = UCDTableViewController.m; sourceTree = "<group>"; };
		3A34002116747C8F00C1B0A1 /* UCDMapGroupedTableViewCell.h */ = {isa = PBXFileReference; fileEncoding = 4; lastKnownFileType = sourcecode.c.h; path = UCDMapGroupedTableViewCell.h; sourceTree = "<group>"; };
		3A34002216747C8F00C1B0A1 /* UCDMapGroupedTableViewCell.m */ = {isa = PBXFileReference; fileEncoding = 4; lastKnownFileType = sourcecode.c.objc; path = UCDMapGroupedTableViewCell.m; sourceTree = "<group>"; };
		3A34002416747CBC00C1B0A1 /* MapKit.framework */ = {isa = PBXFileReference; lastKnownFileType = wrapper.framework; name = MapKit.framework; path = System/Library/Frameworks/MapKit.framework; sourceTree = SDKROOT; };
		3A3400261674841200C1B0A1 /* UCDExtendedTextGroupedTableViewCell.h */ = {isa = PBXFileReference; fileEncoding = 4; lastKnownFileType = sourcecode.c.h; path = UCDExtendedTextGroupedTableViewCell.h; sourceTree = "<group>"; };
		3A3400271674841200C1B0A1 /* UCDExtendedTextGroupedTableViewCell.m */ = {isa = PBXFileReference; fileEncoding = 4; lastKnownFileType = sourcecode.c.objc; path = UCDExtendedTextGroupedTableViewCell.m; sourceTree = "<group>"; };
		3A34002B167488B700C1B0A1 /* AddressBookUI.framework */ = {isa = PBXFileReference; lastKnownFileType = wrapper.framework; name = AddressBookUI.framework; path = System/Library/Frameworks/AddressBookUI.framework; sourceTree = SDKROOT; };
		3A34002D167489F600C1B0A1 /* AddressBook.framework */ = {isa = PBXFileReference; lastKnownFileType = wrapper.framework; name = AddressBook.framework; path = System/Library/Frameworks/AddressBook.framework; sourceTree = SDKROOT; };
		3A34002F16748AFF00C1B0A1 /* UCDSubtitleGroupedTableViewCell.h */ = {isa = PBXFileReference; fileEncoding = 4; lastKnownFileType = sourcecode.c.h; path = UCDSubtitleGroupedTableViewCell.h; sourceTree = "<group>"; };
		3A34003016748AFF00C1B0A1 /* UCDSubtitleGroupedTableViewCell.m */ = {isa = PBXFileReference; fileEncoding = 4; lastKnownFileType = sourcecode.c.objc; path = UCDSubtitleGroupedTableViewCell.m; sourceTree = "<group>"; };
		3A3400321675187400C1B0A1 /* Icon-72.png */ = {isa = PBXFileReference; lastKnownFileType = image.png; path = "Icon-72.png"; sourceTree = "<group>"; };
		3A3400331675187400C1B0A1 /* Icon-72@2x.png */ = {isa = PBXFileReference; lastKnownFileType = image.png; path = "Icon-72@2x.png"; sourceTree = "<group>"; };
		3A3400341675187400C1B0A1 /* Icon-Small-50.png */ = {isa = PBXFileReference; lastKnownFileType = image.png; path = "Icon-Small-50.png"; sourceTree = "<group>"; };
		3A3400351675187400C1B0A1 /* Icon-Small-50@2x.png */ = {isa = PBXFileReference; lastKnownFileType = image.png; path = "Icon-Small-50@2x.png"; sourceTree = "<group>"; };
		3A3400361675187400C1B0A1 /* Icon-Small.png */ = {isa = PBXFileReference; lastKnownFileType = image.png; path = "Icon-Small.png"; sourceTree = "<group>"; };
		3A3400371675187400C1B0A1 /* Icon-Small@2x.png */ = {isa = PBXFileReference; lastKnownFileType = image.png; path = "Icon-Small@2x.png"; sourceTree = "<group>"; };
		3A3400381675187400C1B0A1 /* Icon.png */ = {isa = PBXFileReference; lastKnownFileType = image.png; path = Icon.png; sourceTree = "<group>"; };
		3A3400391675187400C1B0A1 /* Icon@2x.png */ = {isa = PBXFileReference; lastKnownFileType = image.png; path = "Icon@2x.png"; sourceTree = "<group>"; };
		3A34003A1675187400C1B0A1 /* iTunesArtwork.png */ = {isa = PBXFileReference; lastKnownFileType = image.png; path = iTunesArtwork.png; sourceTree = "<group>"; };
		3A34003B1675187400C1B0A1 /* iTunesArtwork@2x.png */ = {isa = PBXFileReference; lastKnownFileType = image.png; path = "iTunesArtwork@2x.png"; sourceTree = "<group>"; };
		3A7ADBC51670055100362071 /* UCDWelcomeViewController.h */ = {isa = PBXFileReference; fileEncoding = 4; lastKnownFileType = sourcecode.c.h; path = UCDWelcomeViewController.h; sourceTree = "<group>"; };
		3A7ADBC61670055100362071 /* UCDWelcomeViewController.m */ = {isa = PBXFileReference; fileEncoding = 4; lastKnownFileType = sourcecode.c.objc; path = UCDWelcomeViewController.m; sourceTree = "<group>"; };
		3A7ADBDB167006A900362071 /* UCDUser.h */ = {isa = PBXFileReference; fileEncoding = 4; lastKnownFileType = sourcecode.c.h; path = UCDUser.h; sourceTree = "<group>"; };
		3A7ADBDC167006A900362071 /* UCDUser.m */ = {isa = PBXFileReference; fileEncoding = 4; lastKnownFileType = sourcecode.c.objc; path = UCDUser.m; sourceTree = "<group>"; };
		3A7ADBDF167027C800362071 /* UCDNavigationTitleView.h */ = {isa = PBXFileReference; fileEncoding = 4; lastKnownFileType = sourcecode.c.h; path = UCDNavigationTitleView.h; sourceTree = "<group>"; };
		3A7ADBE0167027C800362071 /* UCDNavigationTitleView.m */ = {isa = PBXFileReference; fileEncoding = 4; lastKnownFileType = sourcecode.c.objc; path = UCDNavigationTitleView.m; sourceTree = "<group>"; };
		3A7ADBE2167057DD00362071 /* gothamhtfbold.ttf */ = {isa = PBXFileReference; lastKnownFileType = file; path = gothamhtfbold.ttf; sourceTree = "<group>"; };
		3A7ADBE3167057DD00362071 /* gothamhtfbook.ttf */ = {isa = PBXFileReference; lastKnownFileType = file; path = gothamhtfbook.ttf; sourceTree = "<group>"; };
		3A7ADBE816705A9D00362071 /* UCDWelcomeStepsWell.png */ = {isa = PBXFileReference; lastKnownFileType = image.png; path = UCDWelcomeStepsWell.png; sourceTree = "<group>"; };
		3A7ADBE916705A9D00362071 /* UCDWelcomeStepsWell@2x.png */ = {isa = PBXFileReference; lastKnownFileType = image.png; path = "UCDWelcomeStepsWell@2x.png"; sourceTree = "<group>"; };
		3A7ADBEC16705CF600362071 /* UCDWelcomeStepsView.h */ = {isa = PBXFileReference; fileEncoding = 4; lastKnownFileType = sourcecode.c.h; path = UCDWelcomeStepsView.h; sourceTree = "<group>"; };
		3A7ADBED16705CF700362071 /* UCDWelcomeStepsView.m */ = {isa = PBXFileReference; fileEncoding = 4; lastKnownFileType = sourcecode.c.objc; path = UCDWelcomeStepsView.m; sourceTree = "<group>"; };
		3A7ADBEF16705E3F00362071 /* UCDWelcomeStepBackground.png */ = {isa = PBXFileReference; lastKnownFileType = image.png; path = UCDWelcomeStepBackground.png; sourceTree = "<group>"; };
		3A7ADBF016705E3F00362071 /* UCDWelcomeStepBackground@2x.png */ = {isa = PBXFileReference; lastKnownFileType = image.png; path = "UCDWelcomeStepBackground@2x.png"; sourceTree = "<group>"; };
		3A7ADBF316705E4700362071 /* UCDWelcomeStepView.h */ = {isa = PBXFileReference; fileEncoding = 4; lastKnownFileType = sourcecode.c.h; path = UCDWelcomeStepView.h; sourceTree = "<group>"; };
		3A7ADBF416705E4700362071 /* UCDWelcomeStepView.m */ = {isa = PBXFileReference; fileEncoding = 4; lastKnownFileType = sourcecode.c.objc; path = UCDWelcomeStepView.m; sourceTree = "<group>"; };
		3A7ADC0516706B1D00362071 /* UCDStyleManager.h */ = {isa = PBXFileReference; fileEncoding = 4; lastKnownFileType = sourcecode.c.h; path = UCDStyleManager.h; sourceTree = "<group>"; };
		3A7ADC0616706B1D00362071 /* UCDStyleManager.m */ = {isa = PBXFileReference; fileEncoding = 4; lastKnownFileType = sourcecode.c.objc; path = UCDStyleManager.m; sourceTree = "<group>"; };
		3A7ADC0816706B9400362071 /* UCDFooterBackground.png */ = {isa = PBXFileReference; lastKnownFileType = image.png; path = UCDFooterBackground.png; sourceTree = "<group>"; };
		3A7ADC0916706B9400362071 /* UCDFooterBackground@2x.png */ = {isa = PBXFileReference; lastKnownFileType = image.png; path = "UCDFooterBackground@2x.png"; sourceTree = "<group>"; };
		3A7ADC0A16706B9400362071 /* UCDHeaderBackground.png */ = {isa = PBXFileReference; lastKnownFileType = image.png; path = UCDHeaderBackground.png; sourceTree = "<group>"; };
		3A7ADC0B16706B9400362071 /* UCDHeaderBackground@2x.png */ = {isa = PBXFileReference; lastKnownFileType = image.png; path = "UCDHeaderBackground@2x.png"; sourceTree = "<group>"; };
		3A7ADC1016706E8F00362071 /* UCDViewBackground.png */ = {isa = PBXFileReference; lastKnownFileType = image.png; path = UCDViewBackground.png; sourceTree = "<group>"; };
		3A7ADC1116706E8F00362071 /* UCDViewBackground@2x.png */ = {isa = PBXFileReference; lastKnownFileType = image.png; path = "UCDViewBackground@2x.png"; sourceTree = "<group>"; };
		3A7ADC14167070AC00362071 /* UCDWelcomePageView.h */ = {isa = PBXFileReference; fileEncoding = 4; lastKnownFileType = sourcecode.c.h; path = UCDWelcomePageView.h; sourceTree = "<group>"; };
		3A7ADC15167070AC00362071 /* UCDWelcomePageView.m */ = {isa = PBXFileReference; fileEncoding = 4; lastKnownFileType = sourcecode.c.objc; path = UCDWelcomePageView.m; sourceTree = "<group>"; };
		3A7ADC1B1671065100362071 /* UCDButton.h */ = {isa = PBXFileReference; fileEncoding = 4; lastKnownFileType = sourcecode.c.h; path = UCDButton.h; sourceTree = "<group>"; };
		3A7ADC1C1671065100362071 /* UCDButton.m */ = {isa = PBXFileReference; fileEncoding = 4; lastKnownFileType = sourcecode.c.objc; path = UCDButton.m; sourceTree = "<group>"; };
		3A7ADC1E167106EE00362071 /* UCDWelcomePageViewAccept.h */ = {isa = PBXFileReference; fileEncoding = 4; lastKnownFileType = sourcecode.c.h; path = UCDWelcomePageViewAccept.h; sourceTree = "<group>"; };
		3A7ADC1F167106EE00362071 /* UCDWelcomePageViewAccept.m */ = {isa = PBXFileReference; fileEncoding = 4; lastKnownFileType = sourcecode.c.objc; path = UCDWelcomePageViewAccept.m; sourceTree = "<group>"; };
		3A7ADC211671169300362071 /* UCDWelcomeButtonBackgroundPressed.png */ = {isa = PBXFileReference; lastKnownFileType = image.png; path = UCDWelcomeButtonBackgroundPressed.png; sourceTree = "<group>"; };
		3A7ADC221671169300362071 /* UCDWelcomeButtonBackgroundPressed@2x.png */ = {isa = PBXFileReference; lastKnownFileType = image.png; path = "UCDWelcomeButtonBackgroundPressed@2x.png"; sourceTree = "<group>"; };
		3A9C1B27167117DD00B53BA3 /* UCDWelcomeButtonBackground.png */ = {isa = PBXFileReference; lastKnownFileType = image.png; path = UCDWelcomeButtonBackground.png; sourceTree = "<group>"; };
		3A9C1B28167117DD00B53BA3 /* UCDWelcomeButtonBackground@2x.png */ = {isa = PBXFileReference; lastKnownFileType = image.png; path = "UCDWelcomeButtonBackground@2x.png"; sourceTree = "<group>"; };
		3A9C1B2B16711CE700B53BA3 /* UCDBarButtonBackgroundBack.png */ = {isa = PBXFileReference; lastKnownFileType = image.png; path = UCDBarButtonBackgroundBack.png; sourceTree = "<group>"; };
		3A9C1B2C16711CE700B53BA3 /* UCDBarButtonBackgroundBack@2x.png */ = {isa = PBXFileReference; lastKnownFileType = image.png; path = "UCDBarButtonBackgroundBack@2x.png"; sourceTree = "<group>"; };
		3A9C1B2D16711CE700B53BA3 /* UCDBarButtonBackgroundBackPressed.png */ = {isa = PBXFileReference; lastKnownFileType = image.png; path = UCDBarButtonBackgroundBackPressed.png; sourceTree = "<group>"; };
		3A9C1B2E16711CE700B53BA3 /* UCDBarButtonBackgroundBackPressed@2x.png */ = {isa = PBXFileReference; lastKnownFileType = image.png; path = "UCDBarButtonBackgroundBackPressed@2x.png"; sourceTree = "<group>"; };
		3A9C1B331671298D00B53BA3 /* UCDWelcomePageViewDuration.h */ = {isa = PBXFileReference; fileEncoding = 4; lastKnownFileType = sourcecode.c.h; path = UCDWelcomePageViewDuration.h; sourceTree = "<group>"; };
		3A9C1B341671298D00B53BA3 /* UCDWelcomePageViewDuration.m */ = {isa = PBXFileReference; fileEncoding = 4; lastKnownFileType = sourcecode.c.objc; path = UCDWelcomePageViewDuration.m; sourceTree = "<group>"; };
		3A9C1B3A16712B6200B53BA3 /* UCDWelcomePageDurationIcon.png */ = {isa = PBXFileReference; lastKnownFileType = image.png; path = UCDWelcomePageDurationIcon.png; sourceTree = "<group>"; };
		3A9C1B3B16712B6200B53BA3 /* UCDWelcomePageDurationIcon@2x.png */ = {isa = PBXFileReference; lastKnownFileType = image.png; path = "UCDWelcomePageDurationIcon@2x.png"; sourceTree = "<group>"; };
		3A9C1B451671371C00B53BA3 /* UCDWelcomePageViewAccuracy.h */ = {isa = PBXFileReference; fileEncoding = 4; lastKnownFileType = sourcecode.c.h; path = UCDWelcomePageViewAccuracy.h; sourceTree = "<group>"; };
		3A9C1B461671371C00B53BA3 /* UCDWelcomePageViewAccuracy.m */ = {isa = PBXFileReference; fileEncoding = 4; lastKnownFileType = sourcecode.c.objc; path = UCDWelcomePageViewAccuracy.m; sourceTree = "<group>"; };
		3A9C1B49167138E800B53BA3 /* UCDWelcomePageAccuracyIcon.png */ = {isa = PBXFileReference; lastKnownFileType = image.png; path = UCDWelcomePageAccuracyIcon.png; sourceTree = "<group>"; };
		3A9C1B4A167138E800B53BA3 /* UCDWelcomePageAccuracyIcon@2x.png */ = {isa = PBXFileReference; lastKnownFileType = image.png; path = "UCDWelcomePageAccuracyIcon@2x.png"; sourceTree = "<group>"; };
		3A9C1B4D16713A6900B53BA3 /* UCDWelcomePageViewAbout.h */ = {isa = PBXFileReference; fileEncoding = 4; lastKnownFileType = sourcecode.c.h; path = UCDWelcomePageViewAbout.h; sourceTree = "<group>"; };
		3A9C1B4E16713A6900B53BA3 /* UCDWelcomePageViewAbout.m */ = {isa = PBXFileReference; fileEncoding = 4; lastKnownFileType = sourcecode.c.objc; path = UCDWelcomePageViewAbout.m; sourceTree = "<group>"; };
		3A9C1B5016713B9800B53BA3 /* UCDWelcomePageViewComplete.h */ = {isa = PBXFileReference; fileEncoding = 4; lastKnownFileType = sourcecode.c.h; path = UCDWelcomePageViewComplete.h; sourceTree = "<group>"; };
		3A9C1B5116713B9800B53BA3 /* UCDWelcomePageViewComplete.m */ = {isa = PBXFileReference; fileEncoding = 4; lastKnownFileType = sourcecode.c.objc; path = UCDWelcomePageViewComplete.m; sourceTree = "<group>"; };
		3AB19096166FBF990098227C /* Ping.app */ = {isa = PBXFileReference; explicitFileType = wrapper.application; includeInIndex = 0; path = Ping.app; sourceTree = BUILT_PRODUCTS_DIR; };
		3AB1909A166FBF990098227C /* UIKit.framework */ = {isa = PBXFileReference; lastKnownFileType = wrapper.framework; name = UIKit.framework; path = System/Library/Frameworks/UIKit.framework; sourceTree = SDKROOT; };
		3AB1909C166FBF990098227C /* Foundation.framework */ = {isa = PBXFileReference; lastKnownFileType = wrapper.framework; name = Foundation.framework; path = System/Library/Frameworks/Foundation.framework; sourceTree = SDKROOT; };
		3AB1909E166FBF990098227C /* CoreGraphics.framework */ = {isa = PBXFileReference; lastKnownFileType = wrapper.framework; name = CoreGraphics.framework; path = System/Library/Frameworks/CoreGraphics.framework; sourceTree = SDKROOT; };
		3AB190A0166FBF990098227C /* CoreData.framework */ = {isa = PBXFileReference; lastKnownFileType = wrapper.framework; name = CoreData.framework; path = System/Library/Frameworks/CoreData.framework; sourceTree = SDKROOT; };
		3AB190A3166FBF990098227C /* Podfile */ = {isa = PBXFileReference; lastKnownFileType = text; name = Podfile; path = ../Podfile; sourceTree = "<group>"; };
		3AB190A6166FBF990098227C /* CUUCD2012-Prefix.pch */ = {isa = PBXFileReference; lastKnownFileType = sourcecode.c.h; path = "CUUCD2012-Prefix.pch"; sourceTree = "<group>"; };
		3AB190A8166FBF990098227C /* CUUCD2012APIClient.h */ = {isa = PBXFileReference; lastKnownFileType = sourcecode.c.h; name = CUUCD2012APIClient.h; path = Classes/CUUCD2012APIClient.h; sourceTree = "<group>"; };
		3AB190A9166FBF990098227C /* CUUCD2012APIClient.m */ = {isa = PBXFileReference; lastKnownFileType = sourcecode.c.objc; name = CUUCD2012APIClient.m; path = Classes/CUUCD2012APIClient.m; sourceTree = "<group>"; };
		3AB190AB166FBF990098227C /* CUUCD2012-Info.plist */ = {isa = PBXFileReference; lastKnownFileType = text.plist.xml; path = "CUUCD2012-Info.plist"; sourceTree = "<group>"; };
		3AB190AD166FBF990098227C /* en */ = {isa = PBXFileReference; lastKnownFileType = text.plist.strings; name = en; path = en.lproj/InfoPlist.strings; sourceTree = "<group>"; };
		3AB190AF166FBF990098227C /* main.m */ = {isa = PBXFileReference; lastKnownFileType = sourcecode.c.objc; path = main.m; sourceTree = "<group>"; };
		3AB190B1166FBF990098227C /* UCDAppDelegate.h */ = {isa = PBXFileReference; lastKnownFileType = sourcecode.c.h; path = UCDAppDelegate.h; sourceTree = "<group>"; };
		3AB190B2166FBF990098227C /* UCDAppDelegate.m */ = {isa = PBXFileReference; lastKnownFileType = sourcecode.c.objc; path = UCDAppDelegate.m; sourceTree = "<group>"; };
		3AB190B4166FBF990098227C /* Default.png */ = {isa = PBXFileReference; lastKnownFileType = image.png; path = Default.png; sourceTree = "<group>"; };
		3AB190B6166FBF990098227C /* Default@2x.png */ = {isa = PBXFileReference; lastKnownFileType = image.png; path = "Default@2x.png"; sourceTree = "<group>"; };
		3AB190B8166FBF990098227C /* Default-568h@2x.png */ = {isa = PBXFileReference; lastKnownFileType = image.png; path = "Default-568h@2x.png"; sourceTree = "<group>"; };
		3AB190BC166FBF990098227C /* CUUCD2012.xcdatamodel */ = {isa = PBXFileReference; lastKnownFileType = wrapper.xcdatamodel; path = CUUCD2012.xcdatamodel; sourceTree = "<group>"; };
		3AB190BE166FBF990098227C /* CUUCD2012IncrementalStore.h */ = {isa = PBXFileReference; lastKnownFileType = sourcecode.c.h; name = CUUCD2012IncrementalStore.h; path = Classes/CUUCD2012IncrementalStore.h; sourceTree = "<group>"; };
		3AB190BF166FBF990098227C /* CUUCD2012IncrementalStore.m */ = {isa = PBXFileReference; lastKnownFileType = sourcecode.c.objc; name = CUUCD2012IncrementalStore.m; path = Classes/CUUCD2012IncrementalStore.m; sourceTree = "<group>"; };
		3AB190D4166FE2A00098227C /* UCDPlacesViewController.h */ = {isa = PBXFileReference; fileEncoding = 4; lastKnownFileType = sourcecode.c.h; path = UCDPlacesViewController.h; sourceTree = "<group>"; };
		3AB190D5166FE2A00098227C /* UCDPlacesViewController.m */ = {isa = PBXFileReference; fileEncoding = 4; lastKnownFileType = sourcecode.c.objc; path = UCDPlacesViewController.m; sourceTree = "<group>"; };
		3AB190DB166FE3910098227C /* UCDPlace.h */ = {isa = PBXFileReference; fileEncoding = 4; lastKnownFileType = sourcecode.c.h; path = UCDPlace.h; sourceTree = "<group>"; };
		3AB190DC166FE3910098227C /* UCDPlace.m */ = {isa = PBXFileReference; fileEncoding = 4; lastKnownFileType = sourcecode.c.objc; path = UCDPlace.m; sourceTree = "<group>"; };
		3AB190DE166FE4AC0098227C /* CoreLocation.framework */ = {isa = PBXFileReference; lastKnownFileType = wrapper.framework; name = CoreLocation.framework; path = System/Library/Frameworks/CoreLocation.framework; sourceTree = SDKROOT; };
		3AB190E7166FF1D10098227C /* UIControl+BlockActions.h */ = {isa = PBXFileReference; fileEncoding = 4; lastKnownFileType = sourcecode.c.h; path = "UIControl+BlockActions.h"; sourceTree = "<group>"; };
		3AB190E8166FF1D20098227C /* UIControl+BlockActions.m */ = {isa = PBXFileReference; fileEncoding = 4; lastKnownFileType = sourcecode.c.objc; path = "UIControl+BlockActions.m"; sourceTree = "<group>"; };
		3AB190EC166FF1F40098227C /* BlockActionWrapper.h */ = {isa = PBXFileReference; fileEncoding = 4; lastKnownFileType = sourcecode.c.h; path = BlockActionWrapper.h; sourceTree = "<group>"; };
		3AB190ED166FF1F40098227C /* BlockActionWrapper.m */ = {isa = PBXFileReference; fileEncoding = 4; lastKnownFileType = sourcecode.c.objc; path = BlockActionWrapper.m; sourceTree = "<group>"; };
		3AB1910C166FF8910098227C /* UCDMasterViewController.h */ = {isa = PBXFileReference; fileEncoding = 4; lastKnownFileType = sourcecode.c.h; path = UCDMasterViewController.h; sourceTree = "<group>"; };
		3AB1910D166FF8910098227C /* UCDMasterViewController.m */ = {isa = PBXFileReference; fileEncoding = 4; lastKnownFileType = sourcecode.c.objc; path = UCDMasterViewController.m; sourceTree = "<group>"; };
		3AB19110166FFBA40098227C /* MSBarButtonIconNavigationPane.png */ = {isa = PBXFileReference; lastKnownFileType = image.png; path = MSBarButtonIconNavigationPane.png; sourceTree = "<group>"; };
		3AB19111166FFBA40098227C /* MSBarButtonIconNavigationPane@2x.png */ = {isa = PBXFileReference; lastKnownFileType = image.png; path = "MSBarButtonIconNavigationPane@2x.png"; sourceTree = "<group>"; };
		3AB19146167000170098227C /* UCDPlaceCell.h */ = {isa = PBXFileReference; fileEncoding = 4; lastKnownFileType = sourcecode.c.h; path = UCDPlaceCell.h; sourceTree = "<group>"; };
		3AB19147167000170098227C /* UCDPlaceCell.m */ = {isa = PBXFileReference; fileEncoding = 4; lastKnownFileType = sourcecode.c.objc; path = UCDPlaceCell.m; sourceTree = "<group>"; };
		3AB19149167001E40098227C /* UCDSettingsViewController.h */ = {isa = PBXFileReference; fileEncoding = 4; lastKnownFileType = sourcecode.c.h; path = UCDSettingsViewController.h; sourceTree = "<group>"; };
		3AB1914A167001E40098227C /* UCDSettingsViewController.m */ = {isa = PBXFileReference; fileEncoding = 4; lastKnownFileType = sourcecode.c.objc; path = UCDSettingsViewController.m; sourceTree = "<group>"; };
		3AD33C7816765D83001C179F /* UCDMapViewController.h */ = {isa = PBXFileReference; fileEncoding = 4; lastKnownFileType = sourcecode.c.h; path = UCDMapViewController.h; sourceTree = "<group>"; };
		3AD33C7916765D83001C179F /* UCDMapViewController.m */ = {isa = PBXFileReference; fileEncoding = 4; lastKnownFileType = sourcecode.c.objc; path = UCDMapViewController.m; sourceTree = "<group>"; };
		3AD33C8A16766A46001C179F /* ssstandard.ttf */ = {isa = PBXFileReference; lastKnownFileType = file; path = ssstandard.ttf; sourceTree = "<group>"; };
		3AD33C9F1676729E001C179F /* UCDPlaceAnnotation.h */ = {isa = PBXFileReference; fileEncoding = 4; lastKnownFileType = sourcecode.c.h; path = UCDPlaceAnnotation.h; sourceTree = "<group>"; };
		3AD33CA01676729E001C179F /* UCDPlaceAnnotation.m */ = {isa = PBXFileReference; fileEncoding = 4; lastKnownFileType = sourcecode.c.objc; path = UCDPlaceAnnotation.m; sourceTree = "<group>"; };
		3AD33CA21676740F001C179F /* UCDDisclosureIcon.png */ = {isa = PBXFileReference; lastKnownFileType = image.png; path = UCDDisclosureIcon.png; sourceTree = "<group>"; };
		3AD33CA31676740F001C179F /* UCDDisclosureIcon@2x.png */ = {isa = PBXFileReference; lastKnownFileType = image.png; path = "UCDDisclosureIcon@2x.png"; sourceTree = "<group>"; };
		3AD33CA616768A02001C179F /* UCDPopularityView.h */ = {isa = PBXFileReference; fileEncoding = 4; lastKnownFileType = sourcecode.c.h; path = UCDPopularityView.h; sourceTree = "<group>"; };
		3AD33CA716768A02001C179F /* UCDPopularityView.m */ = {isa = PBXFileReference; fileEncoding = 4; lastKnownFileType = sourcecode.c.objc; path = UCDPopularityView.m; sourceTree = "<group>"; };
		3AD849651671779900159856 /* UCDBarButtonBackground.png */ = {isa = PBXFileReference; lastKnownFileType = image.png; path = UCDBarButtonBackground.png; sourceTree = "<group>"; };
		3AD849661671779900159856 /* UCDBarButtonBackground@2x.png */ = {isa = PBXFileReference; lastKnownFileType = image.png; path = "UCDBarButtonBackground@2x.png"; sourceTree = "<group>"; };
		3AD849671671779900159856 /* UCDBarButtonBackgroundPressed.png */ = {isa = PBXFileReference; lastKnownFileType = image.png; path = UCDBarButtonBackgroundPressed.png; sourceTree = "<group>"; };
		3AD849681671779900159856 /* UCDBarButtonBackgroundPressed@2x.png */ = {isa = PBXFileReference; lastKnownFileType = image.png; path = "UCDBarButtonBackgroundPressed@2x.png"; sourceTree = "<group>"; };
		3AD8496F167178D000159856 /* UIImage+Darken.h */ = {isa = PBXFileReference; fileEncoding = 4; lastKnownFileType = sourcecode.c.h; path = "UIImage+Darken.h"; sourceTree = "<group>"; };
		3AD84970167178D000159856 /* UIImage+Darken.m */ = {isa = PBXFileReference; fileEncoding = 4; lastKnownFileType = sourcecode.c.objc; path = "UIImage+Darken.m"; sourceTree = "<group>"; };
		3AD8497216717D7700159856 /* UCDBorderedLabel.h */ = {isa = PBXFileReference; fileEncoding = 4; lastKnownFileType = sourcecode.c.h; path = UCDBorderedLabel.h; sourceTree = "<group>"; };
		3AD8497316717D7700159856 /* UCDBorderedLabel.m */ = {isa = PBXFileReference; fileEncoding = 4; lastKnownFileType = sourcecode.c.objc; path = UCDBorderedLabel.m; sourceTree = "<group>"; };
		3AD849871671A27E00159856 /* UCDTableView.h */ = {isa = PBXFileReference; fileEncoding = 4; lastKnownFileType = sourcecode.c.h; path = UCDTableView.h; sourceTree = "<group>"; };
		3AD849881671A27E00159856 /* UCDTableView.m */ = {isa = PBXFileReference; fileEncoding = 4; lastKnownFileType = sourcecode.c.objc; path = UCDTableView.m; sourceTree = "<group>"; };
		3AD8498B1671A2E200159856 /* UCDTableViewCell.h */ = {isa = PBXFileReference; fileEncoding = 4; lastKnownFileType = sourcecode.c.h; path = UCDTableViewCell.h; sourceTree = "<group>"; };
		3AD8498C1671A2E200159856 /* UCDTableViewCell.m */ = {isa = PBXFileReference; fileEncoding = 4; lastKnownFileType = sourcecode.c.objc; path = UCDTableViewCell.m; sourceTree = "<group>"; };
		3AD849A81671AF2500159856 /* UCDPlaceViewController.h */ = {isa = PBXFileReference; fileEncoding = 4; lastKnownFileType = sourcecode.c.h; path = UCDPlaceViewController.h; sourceTree = "<group>"; };
		3AD849A91671AF2500159856 /* UCDPlaceViewController.m */ = {isa = PBXFileReference; fileEncoding = 4; lastKnownFileType = sourcecode.c.objc; path = UCDPlaceViewController.m; sourceTree = "<group>"; };
		3AD849B31671C12700159856 /* UCDGroupedTableViewCell.h */ = {isa = PBXFileReference; fileEncoding = 4; lastKnownFileType = sourcecode.c.h; path = UCDGroupedTableViewCell.h; sourceTree = "<group>"; };
		3AD849B41671C12700159856 /* UCDGroupedTableViewCell.m */ = {isa = PBXFileReference; fileEncoding = 4; lastKnownFileType = sourcecode.c.objc; path = UCDGroupedTableViewCell.m; sourceTree = "<group>"; };
		3AD849BD1673EDF100159856 /* UCDTextField.h */ = {isa = PBXFileReference; fileEncoding = 4; lastKnownFileType = sourcecode.c.h; path = UCDTextField.h; sourceTree = "<group>"; };
		3AD849BE1673EDF200159856 /* UCDTextField.m */ = {isa = PBXFileReference; fileEncoding = 4; lastKnownFileType = sourcecode.c.objc; path = UCDTextField.m; sourceTree = "<group>"; };
		3AD849C0167455FC00159856 /* UCDRightDetailGroupedTableViewCell.h */ = {isa = PBXFileReference; fileEncoding = 4; lastKnownFileType = sourcecode.c.h; path = UCDRightDetailGroupedTableViewCell.h; sourceTree = "<group>"; };
		3AD849C1167455FC00159856 /* UCDRightDetailGroupedTableViewCell.m */ = {isa = PBXFileReference; fileEncoding = 4; lastKnownFileType = sourcecode.c.objc; path = UCDRightDetailGroupedTableViewCell.m; sourceTree = "<group>"; };
		3AD849C31674568300159856 /* UCDButtonGroupedTableViewCell.h */ = {isa = PBXFileReference; fileEncoding = 4; lastKnownFileType = sourcecode.c.h; path = UCDButtonGroupedTableViewCell.h; sourceTree = "<group>"; };
		3AD849C41674568400159856 /* UCDButtonGroupedTableViewCell.m */ = {isa = PBXFileReference; fileEncoding = 4; lastKnownFileType = sourcecode.c.objc; path = UCDButtonGroupedTableViewCell.m; sourceTree = "<group>"; };
		3AE1E6C516755AE700819247 /* UCDMasterTableView.h */ = {isa = PBXFileReference; fileEncoding = 4; lastKnownFileType = sourcecode.c.h; path = UCDMasterTableView.h; sourceTree = "<group>"; };
		3AE1E6C616755AE700819247 /* UCDMasterTableView.m */ = {isa = PBXFileReference; fileEncoding = 4; lastKnownFileType = sourcecode.c.objc; path = UCDMasterTableView.m; sourceTree = "<group>"; };
		3AE1E6C916755B3300819247 /* UCDMasterTableViewBackground.png */ = {isa = PBXFileReference; lastKnownFileType = image.png; path = UCDMasterTableViewBackground.png; sourceTree = "<group>"; };
		3AE1E6CA16755B3300819247 /* UCDMasterTableViewBackground@2x.png */ = {isa = PBXFileReference; lastKnownFileType = image.png; path = "UCDMasterTableViewBackground@2x.png"; sourceTree = "<group>"; };
		3AE1E6CD16755CFF00819247 /* UCDMasterTableViewCell.h */ = {isa = PBXFileReference; fileEncoding = 4; lastKnownFileType = sourcecode.c.h; path = UCDMasterTableViewCell.h; sourceTree = "<group>"; };
		3AE1E6CE16755CFF00819247 /* UCDMasterTableViewCell.m */ = {isa = PBXFileReference; fileEncoding = 4; lastKnownFileType = sourcecode.c.objc; path = UCDMasterTableViewCell.m; sourceTree = "<group>"; };
		3AE1E6DB167564C200819247 /* UCDMasterTableViewHeader.h */ = {isa = PBXFileReference; fileEncoding = 4; lastKnownFileType = sourcecode.c.h; path = UCDMasterTableViewHeader.h; sourceTree = "<group>"; };
		3AE1E6DC167564C200819247 /* UCDMasterTableViewHeader.m */ = {isa = PBXFileReference; fileEncoding = 4; lastKnownFileType = sourcecode.c.objc; path = UCDMasterTableViewHeader.m; sourceTree = "<group>"; };
		5250BB6505B34302B0001798 /* Pods.xcconfig */ = {isa = PBXFileReference; includeInIndex = 1; lastKnownFileType = text.xcconfig; name = Pods.xcconfig; path = Pods/Pods.xcconfig; sourceTree = SOURCE_ROOT; };
/* End PBXFileReference section */

/* Begin PBXFrameworksBuildPhase section */
		3AB19093166FBF990098227C /* Frameworks */ = {
			isa = PBXFrameworksBuildPhase;
			buildActionMask = 2147483647;
			files = (
				3A34002E167489F600C1B0A1 /* AddressBook.framework in Frameworks */,
				3A34002C167488B700C1B0A1 /* AddressBookUI.framework in Frameworks */,
				3A34002516747CBC00C1B0A1 /* MapKit.framework in Frameworks */,
				3AB190DF166FE4AC0098227C /* CoreLocation.framework in Frameworks */,
				3AB1909B166FBF990098227C /* UIKit.framework in Frameworks */,
				3AB1909D166FBF990098227C /* Foundation.framework in Frameworks */,
				3AB1909F166FBF990098227C /* CoreGraphics.framework in Frameworks */,
				3AB190A1166FBF990098227C /* CoreData.framework in Frameworks */,
				BDFCF21E5B8A413CB1D08F43 /* libPods.a in Frameworks */,
			);
			runOnlyForDeploymentPostprocessing = 0;
		};
/* End PBXFrameworksBuildPhase section */

/* Begin PBXGroup section */
		3A34000E16745CC400C1B0A1 /* Grouped Table View */ = {
			isa = PBXGroup;
			children = (
				3A34002116747C8F00C1B0A1 /* UCDMapGroupedTableViewCell.h */,
				3A34002216747C8F00C1B0A1 /* UCDMapGroupedTableViewCell.m */,
				3AD849C31674568300159856 /* UCDButtonGroupedTableViewCell.h */,
				3AD849C41674568400159856 /* UCDButtonGroupedTableViewCell.m */,
				3AD849C0167455FC00159856 /* UCDRightDetailGroupedTableViewCell.h */,
				3AD849C1167455FC00159856 /* UCDRightDetailGroupedTableViewCell.m */,
				3AD849B31671C12700159856 /* UCDGroupedTableViewCell.h */,
				3AD849B41671C12700159856 /* UCDGroupedTableViewCell.m */,
				3A3400261674841200C1B0A1 /* UCDExtendedTextGroupedTableViewCell.h */,
				3A3400271674841200C1B0A1 /* UCDExtendedTextGroupedTableViewCell.m */,
				3A34002F16748AFF00C1B0A1 /* UCDSubtitleGroupedTableViewCell.h */,
				3A34003016748AFF00C1B0A1 /* UCDSubtitleGroupedTableViewCell.m */,
			);
			name = "Grouped Table View";
			sourceTree = "<group>";
		};
		3A34001016745CCE00C1B0A1 /* Table View */ = {
			isa = PBXGroup;
			children = (
				3AE1E6C516755AE700819247 /* UCDMasterTableView.h */,
				3AE1E6C616755AE700819247 /* UCDMasterTableView.m */,
				3AE1E6CD16755CFF00819247 /* UCDMasterTableViewCell.h */,
				3AE1E6CE16755CFF00819247 /* UCDMasterTableViewCell.m */,
				3AE1E6DB167564C200819247 /* UCDMasterTableViewHeader.h */,
				3AE1E6DC167564C200819247 /* UCDMasterTableViewHeader.m */,
				3AB19146167000170098227C /* UCDPlaceCell.h */,
				3AB19147167000170098227C /* UCDPlaceCell.m */,
				3AD849871671A27E00159856 /* UCDTableView.h */,
				3AD849881671A27E00159856 /* UCDTableView.m */,
				3AD8498B1671A2E200159856 /* UCDTableViewCell.h */,
				3AD8498C1671A2E200159856 /* UCDTableViewCell.m */,
			);
			name = "Table View";
			sourceTree = "<group>";
		};
		3A34001116745CEA00C1B0A1 /* Welcome Pages */ = {
			isa = PBXGroup;
			children = (
				3A7ADC14167070AC00362071 /* UCDWelcomePageView.h */,
				3A7ADC15167070AC00362071 /* UCDWelcomePageView.m */,
				3A7ADC1E167106EE00362071 /* UCDWelcomePageViewAccept.h */,
				3A7ADC1F167106EE00362071 /* UCDWelcomePageViewAccept.m */,
				3A9C1B331671298D00B53BA3 /* UCDWelcomePageViewDuration.h */,
				3A9C1B341671298D00B53BA3 /* UCDWelcomePageViewDuration.m */,
				3A9C1B451671371C00B53BA3 /* UCDWelcomePageViewAccuracy.h */,
				3A9C1B461671371C00B53BA3 /* UCDWelcomePageViewAccuracy.m */,
				3A9C1B4D16713A6900B53BA3 /* UCDWelcomePageViewAbout.h */,
				3A9C1B4E16713A6900B53BA3 /* UCDWelcomePageViewAbout.m */,
				3A9C1B5016713B9800B53BA3 /* UCDWelcomePageViewComplete.h */,
				3A9C1B5116713B9800B53BA3 /* UCDWelcomePageViewComplete.m */,
			);
			name = "Welcome Pages";
			sourceTree = "<group>";
		};
		3A34001216745CF700C1B0A1 /* Welcome Steps */ = {
			isa = PBXGroup;
			children = (
				3A7ADBEC16705CF600362071 /* UCDWelcomeStepsView.h */,
				3A7ADBED16705CF700362071 /* UCDWelcomeStepsView.m */,
				3A7ADBF316705E4700362071 /* UCDWelcomeStepView.h */,
				3A7ADBF416705E4700362071 /* UCDWelcomeStepView.m */,
			);
			name = "Welcome Steps";
			sourceTree = "<group>";
		};
		3A3400461675187900C1B0A1 /* Icon */ = {
			isa = PBXGroup;
			children = (
				3A3400321675187400C1B0A1 /* Icon-72.png */,
				3A3400331675187400C1B0A1 /* Icon-72@2x.png */,
				3A3400341675187400C1B0A1 /* Icon-Small-50.png */,
				3A3400351675187400C1B0A1 /* Icon-Small-50@2x.png */,
				3A3400361675187400C1B0A1 /* Icon-Small.png */,
				3A3400371675187400C1B0A1 /* Icon-Small@2x.png */,
				3A3400381675187400C1B0A1 /* Icon.png */,
				3A3400391675187400C1B0A1 /* Icon@2x.png */,
				3A34003A1675187400C1B0A1 /* iTunesArtwork.png */,
				3A34003B1675187400C1B0A1 /* iTunesArtwork@2x.png */,
			);
			name = Icon;
			sourceTree = "<group>";
		};
		3A7ADBE6167057E200362071 /* Fonts */ = {
			isa = PBXGroup;
			children = (
				3A7ADBE2167057DD00362071 /* gothamhtfbold.ttf */,
				3A7ADBE3167057DD00362071 /* gothamhtfbook.ttf */,
				3AD33C8A16766A46001C179F /* ssstandard.ttf */,
			);
			name = Fonts;
			sourceTree = "<group>";
		};
		3A7ADBE716705A1600362071 /* Images */ = {
			isa = PBXGroup;
			children = (
				3AD33CA21676740F001C179F /* UCDDisclosureIcon.png */,
				3AD33CA31676740F001C179F /* UCDDisclosureIcon@2x.png */,
				3AE1E6C916755B3300819247 /* UCDMasterTableViewBackground.png */,
				3AE1E6CA16755B3300819247 /* UCDMasterTableViewBackground@2x.png */,
				3A3400461675187900C1B0A1 /* Icon */,
				3AD849651671779900159856 /* UCDBarButtonBackground.png */,
				3AD849661671779900159856 /* UCDBarButtonBackground@2x.png */,
				3AD849671671779900159856 /* UCDBarButtonBackgroundPressed.png */,
				3AD849681671779900159856 /* UCDBarButtonBackgroundPressed@2x.png */,
				3A9C1B49167138E800B53BA3 /* UCDWelcomePageAccuracyIcon.png */,
				3A9C1B4A167138E800B53BA3 /* UCDWelcomePageAccuracyIcon@2x.png */,
				3A9C1B3A16712B6200B53BA3 /* UCDWelcomePageDurationIcon.png */,
				3A9C1B3B16712B6200B53BA3 /* UCDWelcomePageDurationIcon@2x.png */,
				3A9C1B2B16711CE700B53BA3 /* UCDBarButtonBackgroundBack.png */,
				3A9C1B2C16711CE700B53BA3 /* UCDBarButtonBackgroundBack@2x.png */,
				3A9C1B2D16711CE700B53BA3 /* UCDBarButtonBackgroundBackPressed.png */,
				3A9C1B2E16711CE700B53BA3 /* UCDBarButtonBackgroundBackPressed@2x.png */,
				3A7ADC211671169300362071 /* UCDWelcomeButtonBackgroundPressed.png */,
				3A7ADC221671169300362071 /* UCDWelcomeButtonBackgroundPressed@2x.png */,
				3A9C1B27167117DD00B53BA3 /* UCDWelcomeButtonBackground.png */,
				3A9C1B28167117DD00B53BA3 /* UCDWelcomeButtonBackground@2x.png */,
				3A7ADC1016706E8F00362071 /* UCDViewBackground.png */,
				3A7ADC1116706E8F00362071 /* UCDViewBackground@2x.png */,
				3A7ADC0816706B9400362071 /* UCDFooterBackground.png */,
				3A7ADC0916706B9400362071 /* UCDFooterBackground@2x.png */,
				3A7ADC0A16706B9400362071 /* UCDHeaderBackground.png */,
				3A7ADC0B16706B9400362071 /* UCDHeaderBackground@2x.png */,
				3A7ADBE816705A9D00362071 /* UCDWelcomeStepsWell.png */,
				3A7ADBE916705A9D00362071 /* UCDWelcomeStepsWell@2x.png */,
				3A7ADBEF16705E3F00362071 /* UCDWelcomeStepBackground.png */,
				3A7ADBF016705E3F00362071 /* UCDWelcomeStepBackground@2x.png */,
				3AB19110166FFBA40098227C /* MSBarButtonIconNavigationPane.png */,
				3AB19111166FFBA40098227C /* MSBarButtonIconNavigationPane@2x.png */,
			);
			name = Images;
			sourceTree = "<group>";
		};
		3A7ADC0416706ADB00362071 /* Singleton Managers */ = {
			isa = PBXGroup;
			children = (
				3A7ADC0516706B1D00362071 /* UCDStyleManager.h */,
				3A7ADC0616706B1D00362071 /* UCDStyleManager.m */,
			);
			name = "Singleton Managers";
			sourceTree = "<group>";
		};
		3AB1908B166FBF990098227C = {
			isa = PBXGroup;
			children = (
				3AB190A2166FBF990098227C /* CUUCD2012 */,
				3AB19099166FBF990098227C /* Frameworks */,
				3AB19097166FBF990098227C /* Products */,
				5250BB6505B34302B0001798 /* Pods.xcconfig */,
			);
			sourceTree = "<group>";
		};
		3AB19097166FBF990098227C /* Products */ = {
			isa = PBXGroup;
			children = (
				3AB19096166FBF990098227C /* Ping.app */,
			);
			name = Products;
			sourceTree = "<group>";
		};
		3AB19099166FBF990098227C /* Frameworks */ = {
			isa = PBXGroup;
			children = (
				3A34002D167489F600C1B0A1 /* AddressBook.framework */,
				3A34002B167488B700C1B0A1 /* AddressBookUI.framework */,
				3AB190DE166FE4AC0098227C /* CoreLocation.framework */,
				3AB1909A166FBF990098227C /* UIKit.framework */,
				3AB1909C166FBF990098227C /* Foundation.framework */,
				3AB1909E166FBF990098227C /* CoreGraphics.framework */,
				3AB190A0166FBF990098227C /* CoreData.framework */,
				3A34002416747CBC00C1B0A1 /* MapKit.framework */,
				11438977B2DB4A26B07FE3DD /* libPods.a */,
			);
			name = Frameworks;
			sourceTree = "<group>";
		};
		3AB190A2166FBF990098227C /* CUUCD2012 */ = {
			isa = PBXGroup;
			children = (
				3AB190A3166FBF990098227C /* Podfile */,
				3AB190B1166FBF990098227C /* UCDAppDelegate.h */,
				3AB190B2166FBF990098227C /* UCDAppDelegate.m */,
				3AB190EB166FF1D60098227C /* Categories */,
				3A7ADC0416706ADB00362071 /* Singleton Managers */,
				3AB190A7166FBF990098227C /* Networking */,
				3AB190BA166FBF990098227C /* Models */,
				3AB19145167000050098227C /* Views */,
				3AB1910A166FF87D0098227C /* Controllers */,
				3AB190A5166FBF990098227C /* Supporting Files */,
				3A7ADBE716705A1600362071 /* Images */,
			);
			path = CUUCD2012;
			sourceTree = "<group>";
		};
		3AB190A5166FBF990098227C /* Supporting Files */ = {
			isa = PBXGroup;
			children = (
				3A7ADBE6167057E200362071 /* Fonts */,
				3AB190A6166FBF990098227C /* CUUCD2012-Prefix.pch */,
				3AB190AB166FBF990098227C /* CUUCD2012-Info.plist */,
				3AB190AC166FBF990098227C /* InfoPlist.strings */,
				3AB190AF166FBF990098227C /* main.m */,
				3AB190B4166FBF990098227C /* Default.png */,
				3AB190B6166FBF990098227C /* Default@2x.png */,
				3AB190B8166FBF990098227C /* Default-568h@2x.png */,
			);
			name = "Supporting Files";
			sourceTree = "<group>";
		};
		3AB190A7166FBF990098227C /* Networking */ = {
			isa = PBXGroup;
			children = (
				3AB190A8166FBF990098227C /* CUUCD2012APIClient.h */,
				3AB190A9166FBF990098227C /* CUUCD2012APIClient.m */,
				3AB190BE166FBF990098227C /* CUUCD2012IncrementalStore.h */,
				3AB190BF166FBF990098227C /* CUUCD2012IncrementalStore.m */,
			);
			name = Networking;
			sourceTree = "<group>";
		};
		3AB190BA166FBF990098227C /* Models */ = {
			isa = PBXGroup;
			children = (
				3AB190BB166FBF990098227C /* CUUCD2012.xcdatamodeld */,
				3AB190DB166FE3910098227C /* UCDPlace.h */,
				3AB190DC166FE3910098227C /* UCDPlace.m */,
				3A7ADBDB167006A900362071 /* UCDUser.h */,
				3A7ADBDC167006A900362071 /* UCDUser.m */,
			);
			name = Models;
			sourceTree = "<group>";
		};
		3AB190EB166FF1D60098227C /* Categories */ = {
			isa = PBXGroup;
			children = (
				3AD8496F167178D000159856 /* UIImage+Darken.h */,
				3AD84970167178D000159856 /* UIImage+Darken.m */,
				3AB190EF166FF1F90098227C /* UIControl+BlockActions */,
			);
			name = Categories;
			sourceTree = "<group>";
		};
		3AB190EF166FF1F90098227C /* UIControl+BlockActions */ = {
			isa = PBXGroup;
			children = (
				3AB190EC166FF1F40098227C /* BlockActionWrapper.h */,
				3AB190ED166FF1F40098227C /* BlockActionWrapper.m */,
				3AB190E7166FF1D10098227C /* UIControl+BlockActions.h */,
				3AB190E8166FF1D20098227C /* UIControl+BlockActions.m */,
			);
			name = "UIControl+BlockActions";
			sourceTree = "<group>";
		};
		3AB1910A166FF87D0098227C /* Controllers */ = {
			isa = PBXGroup;
			children = (
				3AD33C7816765D83001C179F /* UCDMapViewController.h */,
				3AD33C7916765D83001C179F /* UCDMapViewController.m */,
				3AB1910C166FF8910098227C /* UCDMasterViewController.h */,
				3AB1910D166FF8910098227C /* UCDMasterViewController.m */,
				3AB190D4166FE2A00098227C /* UCDPlacesViewController.h */,
				3AB190D5166FE2A00098227C /* UCDPlacesViewController.m */,
				3AD849A81671AF2500159856 /* UCDPlaceViewController.h */,
				3AD849A91671AF2500159856 /* UCDPlaceViewController.m */,
				3AB19149167001E40098227C /* UCDSettingsViewController.h */,
				3AB1914A167001E40098227C /* UCDSettingsViewController.m */,
				3A7ADBC51670055100362071 /* UCDWelcomeViewController.h */,
				3A7ADBC61670055100362071 /* UCDWelcomeViewController.m */,
				3A34001E1674757500C1B0A1 /* UCDTableViewController.h */,
				3A34001F1674757500C1B0A1 /* UCDTableViewController.m */,
				3A34001A167470D000C1B0A1 /* UCDGroupedTableViewController.h */,
				3A34001B167470D000C1B0A1 /* UCDGroupedTableViewController.m */,
			);
			name = Controllers;
			sourceTree = "<group>";
		};
		3AB19145167000050098227C /* Views */ = {
			isa = PBXGroup;
			children = (
				3AD33CA616768A02001C179F /* UCDPopularityView.h */,
				3AD33CA716768A02001C179F /* UCDPopularityView.m */,
				3AD8497216717D7700159856 /* UCDBorderedLabel.h */,
				3AD8497316717D7700159856 /* UCDBorderedLabel.m */,
				3A7ADC1B1671065100362071 /* UCDButton.h */,
				3A7ADC1C1671065100362071 /* UCDButton.m */,
				3AD849BD1673EDF100159856 /* UCDTextField.h */,
				3AD849BE1673EDF200159856 /* UCDTextField.m */,
				3A7ADBDF167027C800362071 /* UCDNavigationTitleView.h */,
				3A7ADBE0167027C800362071 /* UCDNavigationTitleView.m */,
				3A34001016745CCE00C1B0A1 /* Table View */,
				3A34000E16745CC400C1B0A1 /* Grouped Table View */,
				3A34001216745CF700C1B0A1 /* Welcome Steps */,
				3A34001116745CEA00C1B0A1 /* Welcome Pages */,
				3AD33C9F1676729E001C179F /* UCDPlaceAnnotation.h */,
				3AD33CA01676729E001C179F /* UCDPlaceAnnotation.m */,
			);
			name = Views;
			sourceTree = "<group>";
		};
/* End PBXGroup section */

/* Begin PBXNativeTarget section */
		3AB19095166FBF990098227C /* CUUCD2012 */ = {
			isa = PBXNativeTarget;
			buildConfigurationList = 3AB190C3166FBF990098227C /* Build configuration list for PBXNativeTarget "CUUCD2012" */;
			buildPhases = (
				3AB19092166FBF990098227C /* Sources */,
				3AB19093166FBF990098227C /* Frameworks */,
				3AB19094166FBF990098227C /* Resources */,
				DA74B3159B3E4F339B3024DF /* Copy Pods Resources */,
			);
			buildRules = (
			);
			dependencies = (
			);
			name = CUUCD2012;
			productName = CUUCD2012;
			productReference = 3AB19096166FBF990098227C /* Ping.app */;
			productType = "com.apple.product-type.application";
		};
/* End PBXNativeTarget section */

/* Begin PBXProject section */
		3AB1908D166FBF990098227C /* Project object */ = {
			isa = PBXProject;
			attributes = {
				CLASSPREFIX = UCD;
				LastUpgradeCheck = 0450;
				ORGANIZATIONNAME = "Team 11";
			};
			buildConfigurationList = 3AB19090166FBF990098227C /* Build configuration list for PBXProject "CUUCD2012" */;
			compatibilityVersion = "Xcode 3.2";
			developmentRegion = English;
			hasScannedForEncodings = 0;
			knownRegions = (
				en,
			);
			mainGroup = 3AB1908B166FBF990098227C;
			productRefGroup = 3AB19097166FBF990098227C /* Products */;
			projectDirPath = "";
			projectRoot = "";
			targets = (
				3AB19095166FBF990098227C /* CUUCD2012 */,
			);
		};
/* End PBXProject section */

/* Begin PBXResourcesBuildPhase section */
		3AB19094166FBF990098227C /* Resources */ = {
			isa = PBXResourcesBuildPhase;
			buildActionMask = 2147483647;
			files = (
				3AB190A4166FBF990098227C /* Podfile in Resources */,
				3AB190AE166FBF990098227C /* InfoPlist.strings in Resources */,
				3AB190B5166FBF990098227C /* Default.png in Resources */,
				3AB190B7166FBF990098227C /* Default@2x.png in Resources */,
				3AB190B9166FBF990098227C /* Default-568h@2x.png in Resources */,
				3AB19112166FFBA40098227C /* MSBarButtonIconNavigationPane.png in Resources */,
				3AB19113166FFBA40098227C /* MSBarButtonIconNavigationPane@2x.png in Resources */,
				3A7ADBE4167057DD00362071 /* gothamhtfbold.ttf in Resources */,
				3A7ADBE5167057DD00362071 /* gothamhtfbook.ttf in Resources */,
				3A7ADBEA16705A9D00362071 /* UCDWelcomeStepsWell.png in Resources */,
				3A7ADBEB16705A9D00362071 /* UCDWelcomeStepsWell@2x.png in Resources */,
				3A7ADBF116705E3F00362071 /* UCDWelcomeStepBackground.png in Resources */,
				3A7ADBF216705E3F00362071 /* UCDWelcomeStepBackground@2x.png in Resources */,
				3A7ADC0C16706B9400362071 /* UCDFooterBackground.png in Resources */,
				3A7ADC0D16706B9400362071 /* UCDFooterBackground@2x.png in Resources */,
				3A7ADC0E16706B9400362071 /* UCDHeaderBackground.png in Resources */,
				3A7ADC0F16706B9400362071 /* UCDHeaderBackground@2x.png in Resources */,
				3A7ADC1216706E8F00362071 /* UCDViewBackground.png in Resources */,
				3A7ADC1316706E8F00362071 /* UCDViewBackground@2x.png in Resources */,
				3A7ADC231671169300362071 /* UCDWelcomeButtonBackgroundPressed.png in Resources */,
				3A7ADC241671169300362071 /* UCDWelcomeButtonBackgroundPressed@2x.png in Resources */,
				3A9C1B29167117DD00B53BA3 /* UCDWelcomeButtonBackground.png in Resources */,
				3A9C1B2A167117DD00B53BA3 /* UCDWelcomeButtonBackground@2x.png in Resources */,
				3A9C1B2F16711CE700B53BA3 /* UCDBarButtonBackgroundBack.png in Resources */,
				3A9C1B3016711CE700B53BA3 /* UCDBarButtonBackgroundBack@2x.png in Resources */,
				3A9C1B3116711CE700B53BA3 /* UCDBarButtonBackgroundBackPressed.png in Resources */,
				3A9C1B3216711CE700B53BA3 /* UCDBarButtonBackgroundBackPressed@2x.png in Resources */,
				3A9C1B3C16712B6200B53BA3 /* UCDWelcomePageDurationIcon.png in Resources */,
				3A9C1B3D16712B6200B53BA3 /* UCDWelcomePageDurationIcon@2x.png in Resources */,
				3A9C1B4B167138E800B53BA3 /* UCDWelcomePageAccuracyIcon.png in Resources */,
				3A9C1B4C167138E800B53BA3 /* UCDWelcomePageAccuracyIcon@2x.png in Resources */,
				3AD849691671779900159856 /* UCDBarButtonBackground.png in Resources */,
				3AD8496A1671779900159856 /* UCDBarButtonBackground@2x.png in Resources */,
				3AD8496B1671779900159856 /* UCDBarButtonBackgroundPressed.png in Resources */,
				3AD8496C1671779900159856 /* UCDBarButtonBackgroundPressed@2x.png in Resources */,
				3A34003C1675187400C1B0A1 /* Icon-72.png in Resources */,
				3A34003D1675187400C1B0A1 /* Icon-72@2x.png in Resources */,
				3A34003E1675187400C1B0A1 /* Icon-Small-50.png in Resources */,
				3A34003F1675187400C1B0A1 /* Icon-Small-50@2x.png in Resources */,
				3A3400401675187400C1B0A1 /* Icon-Small.png in Resources */,
				3A3400411675187400C1B0A1 /* Icon-Small@2x.png in Resources */,
				3A3400421675187400C1B0A1 /* Icon.png in Resources */,
				3A3400431675187400C1B0A1 /* Icon@2x.png in Resources */,
				3A3400441675187400C1B0A1 /* iTunesArtwork.png in Resources */,
				3A3400451675187400C1B0A1 /* iTunesArtwork@2x.png in Resources */,
				3AE1E6CB16755B3300819247 /* UCDMasterTableViewBackground.png in Resources */,
				3AE1E6CC16755B3300819247 /* UCDMasterTableViewBackground@2x.png in Resources */,
				3AD33C8B16766A46001C179F /* ssstandard.ttf in Resources */,
				3AD33CA41676740F001C179F /* UCDDisclosureIcon.png in Resources */,
				3AD33CA51676740F001C179F /* UCDDisclosureIcon@2x.png in Resources */,
			);
			runOnlyForDeploymentPostprocessing = 0;
		};
/* End PBXResourcesBuildPhase section */

/* Begin PBXShellScriptBuildPhase section */
		DA74B3159B3E4F339B3024DF /* Copy Pods Resources */ = {
			isa = PBXShellScriptBuildPhase;
			buildActionMask = 2147483647;
			files = (
			);
			inputPaths = (
			);
			name = "Copy Pods Resources";
			outputPaths = (
			);
			runOnlyForDeploymentPostprocessing = 0;
			shellPath = /bin/sh;
			shellScript = "\"${SRCROOT}/Pods/Pods-resources.sh\"\n";
		};
/* End PBXShellScriptBuildPhase section */

/* Begin PBXSourcesBuildPhase section */
		3AB19092166FBF990098227C /* Sources */ = {
			isa = PBXSourcesBuildPhase;
			buildActionMask = 2147483647;
			files = (
				3AB190AA166FBF990098227C /* CUUCD2012APIClient.m in Sources */,
				3AB190B0166FBF990098227C /* main.m in Sources */,
				3AB190B3166FBF990098227C /* UCDAppDelegate.m in Sources */,
				3AB190BD166FBF990098227C /* CUUCD2012.xcdatamodeld in Sources */,
				3AB190C0166FBF990098227C /* CUUCD2012IncrementalStore.m in Sources */,
				3AB190D6166FE2A10098227C /* UCDPlacesViewController.m in Sources */,
				3AB190DD166FE3910098227C /* UCDPlace.m in Sources */,
				3AB190E9166FF1D20098227C /* UIControl+BlockActions.m in Sources */,
				3AB190EE166FF1F40098227C /* BlockActionWrapper.m in Sources */,
				3AB1910E166FF8910098227C /* UCDMasterViewController.m in Sources */,
				3AB19148167000170098227C /* UCDPlaceCell.m in Sources */,
				3AB1914B167001E40098227C /* UCDSettingsViewController.m in Sources */,
				3A7ADBC71670055100362071 /* UCDWelcomeViewController.m in Sources */,
				3A7ADBDD167006A900362071 /* UCDUser.m in Sources */,
				3A7ADBE1167027C800362071 /* UCDNavigationTitleView.m in Sources */,
				3A7ADBEE16705CF700362071 /* UCDWelcomeStepsView.m in Sources */,
				3A7ADBF516705E4700362071 /* UCDWelcomeStepView.m in Sources */,
				3A7ADC0716706B1D00362071 /* UCDStyleManager.m in Sources */,
				3A7ADC16167070AC00362071 /* UCDWelcomePageView.m in Sources */,
				3A7ADC1D1671065100362071 /* UCDButton.m in Sources */,
				3A7ADC20167106EF00362071 /* UCDWelcomePageViewAccept.m in Sources */,
				3A9C1B351671298D00B53BA3 /* UCDWelcomePageViewDuration.m in Sources */,
				3A9C1B471671371C00B53BA3 /* UCDWelcomePageViewAccuracy.m in Sources */,
				3A9C1B4F16713A6900B53BA3 /* UCDWelcomePageViewAbout.m in Sources */,
				3A9C1B5216713B9800B53BA3 /* UCDWelcomePageViewComplete.m in Sources */,
				3AD84971167178D000159856 /* UIImage+Darken.m in Sources */,
				3AD8497416717D7700159856 /* UCDBorderedLabel.m in Sources */,
				3AD849891671A27E00159856 /* UCDTableView.m in Sources */,
				3AD8498D1671A2E200159856 /* UCDTableViewCell.m in Sources */,
				3AD849AA1671AF2500159856 /* UCDPlaceViewController.m in Sources */,
				3AD849B51671C12700159856 /* UCDGroupedTableViewCell.m in Sources */,
				3AD849BF1673EDF600159856 /* UCDTextField.m in Sources */,
				3AD849C2167455FE00159856 /* UCDRightDetailGroupedTableViewCell.m in Sources */,
				3AD849C51674568500159856 /* UCDButtonGroupedTableViewCell.m in Sources */,
				3A34001C167470D000C1B0A1 /* UCDGroupedTableViewController.m in Sources */,
				3A3400201674757500C1B0A1 /* UCDTableViewController.m in Sources */,
				3A34002316747C8F00C1B0A1 /* UCDMapGroupedTableViewCell.m in Sources */,
				3A3400281674841200C1B0A1 /* UCDExtendedTextGroupedTableViewCell.m in Sources */,
				3A34003116748AFF00C1B0A1 /* UCDSubtitleGroupedTableViewCell.m in Sources */,
				3AE1E6C716755AE700819247 /* UCDMasterTableView.m in Sources */,
				3AE1E6CF16755CFF00819247 /* UCDMasterTableViewCell.m in Sources */,
				3AE1E6DD167564C200819247 /* UCDMasterTableViewHeader.m in Sources */,
				3AD33C7A16765D83001C179F /* UCDMapViewController.m in Sources */,
				3AD33CA11676729E001C179F /* UCDPlaceAnnotation.m in Sources */,
				3AD33CA816768A02001C179F /* UCDPopularityView.m in Sources */,
			);
			runOnlyForDeploymentPostprocessing = 0;
		};
/* End PBXSourcesBuildPhase section */

/* Begin PBXVariantGroup section */
		3AB190AC166FBF990098227C /* InfoPlist.strings */ = {
			isa = PBXVariantGroup;
			children = (
				3AB190AD166FBF990098227C /* en */,
			);
			name = InfoPlist.strings;
			sourceTree = "<group>";
		};
/* End PBXVariantGroup section */

/* Begin XCBuildConfiguration section */
		3AB190C1166FBF990098227C /* Debug */ = {
			isa = XCBuildConfiguration;
			buildSettings = {
				ALWAYS_SEARCH_USER_PATHS = NO;
				CLANG_CXX_LANGUAGE_STANDARD = "gnu++0x";
				CLANG_CXX_LIBRARY = "libc++";
				CLANG_ENABLE_OBJC_ARC = YES;
				CLANG_WARN_EMPTY_BODY = YES;
				CLANG_WARN__DUPLICATE_METHOD_MATCH = YES;
				"CODE_SIGN_IDENTITY[sdk=iphoneos*]" = "iPhone Developer";
				COPY_PHASE_STRIP = NO;
				GCC_C_LANGUAGE_STANDARD = gnu99;
				GCC_DYNAMIC_NO_PIC = NO;
				GCC_OPTIMIZATION_LEVEL = 0;
				GCC_PREPROCESSOR_DEFINITIONS = (
					"DEBUG=1",
					"$(inherited)",
				);
				GCC_SYMBOLS_PRIVATE_EXTERN = NO;
				GCC_WARN_ABOUT_RETURN_TYPE = YES;
				GCC_WARN_UNINITIALIZED_AUTOS = YES;
				GCC_WARN_UNUSED_VARIABLE = YES;
				IPHONEOS_DEPLOYMENT_TARGET = 6.0;
				ONLY_ACTIVE_ARCH = YES;
				SDKROOT = iphoneos;
				TARGETED_DEVICE_FAMILY = "1,2";
			};
			name = Debug;
		};
		3AB190C2166FBF990098227C /* Release */ = {
			isa = XCBuildConfiguration;
			buildSettings = {
				ALWAYS_SEARCH_USER_PATHS = NO;
				CLANG_CXX_LANGUAGE_STANDARD = "gnu++0x";
				CLANG_CXX_LIBRARY = "libc++";
				CLANG_ENABLE_OBJC_ARC = YES;
				CLANG_WARN_EMPTY_BODY = YES;
				CLANG_WARN__DUPLICATE_METHOD_MATCH = YES;
				"CODE_SIGN_IDENTITY[sdk=iphoneos*]" = "iPhone Developer";
				COPY_PHASE_STRIP = YES;
				GCC_C_LANGUAGE_STANDARD = gnu99;
				GCC_WARN_ABOUT_RETURN_TYPE = YES;
				GCC_WARN_UNINITIALIZED_AUTOS = YES;
				GCC_WARN_UNUSED_VARIABLE = YES;
				IPHONEOS_DEPLOYMENT_TARGET = 6.0;
				OTHER_CFLAGS = "-DNS_BLOCK_ASSERTIONS=1";
				SDKROOT = iphoneos;
				TARGETED_DEVICE_FAMILY = "1,2";
				VALIDATE_PRODUCT = YES;
			};
			name = Release;
		};
		3AB190C4166FBF990098227C /* Debug */ = {
			isa = XCBuildConfiguration;
			baseConfigurationReference = 5250BB6505B34302B0001798 /* Pods.xcconfig */;
			buildSettings = {
				GCC_PRECOMPILE_PREFIX_HEADER = YES;
				GCC_PREFIX_HEADER = "CUUCD2012/CUUCD2012-Prefix.pch";
				INFOPLIST_FILE = "CUUCD2012/CUUCD2012-Info.plist";
				PRODUCT_NAME = Ping;
				TARGETED_DEVICE_FAMILY = 1;
				WRAPPER_EXTENSION = app;
			};
			name = Debug;
		};
		3AB190C5166FBF990098227C /* Release */ = {
			isa = XCBuildConfiguration;
			baseConfigurationReference = 5250BB6505B34302B0001798 /* Pods.xcconfig */;
			buildSettings = {
				GCC_PRECOMPILE_PREFIX_HEADER = YES;
				GCC_PREFIX_HEADER = "CUUCD2012/CUUCD2012-Prefix.pch";
				INFOPLIST_FILE = "CUUCD2012/CUUCD2012-Info.plist";
				PRODUCT_NAME = Ping;
				TARGETED_DEVICE_FAMILY = 1;
				WRAPPER_EXTENSION = app;
			};
			name = Release;
		};
/* End XCBuildConfiguration section */

/* Begin XCConfigurationList section */
		3AB19090166FBF990098227C /* Build configuration list for PBXProject "CUUCD2012" */ = {
			isa = XCConfigurationList;
			buildConfigurations = (
				3AB190C1166FBF990098227C /* Debug */,
				3AB190C2166FBF990098227C /* Release */,
			);
			defaultConfigurationIsVisible = 0;
			defaultConfigurationName = Release;
		};
		3AB190C3166FBF990098227C /* Build configuration list for PBXNativeTarget "CUUCD2012" */ = {
			isa = XCConfigurationList;
			buildConfigurations = (
				3AB190C4166FBF990098227C /* Debug */,
				3AB190C5166FBF990098227C /* Release */,
			);
			defaultConfigurationIsVisible = 0;
			defaultConfigurationName = Release;
		};
/* End XCConfigurationList section */

/* Begin XCVersionGroup section */
		3AB190BB166FBF990098227C /* CUUCD2012.xcdatamodeld */ = {
			isa = XCVersionGroup;
			children = (
				3AB190BC166FBF990098227C /* CUUCD2012.xcdatamodel */,
			);
			currentVersion = 3AB190BC166FBF990098227C /* CUUCD2012.xcdatamodel */;
			path = CUUCD2012.xcdatamodeld;
			sourceTree = "<group>";
			versionGroupType = wrapper.xcdatamodel;
		};
/* End XCVersionGroup section */
	};
	rootObject = 3AB1908D166FBF990098227C /* Project object */;
}
